
Microsoft Visual Studio Solution File, Format Version 12.00
# Visual Studio 2012
Project("{2150E333-8FDC-42A3-9474-1A3956D46DE8}") = "Platforms", "Platforms", "{5A6B96BB-B333-4761-AA3C-AF39DB386633}"
EndProject
Project("{2150E333-8FDC-42A3-9474-1A3956D46DE8}") = "KamGame.Windows", "KamGame.Windows", "{48F69566-88EE-4A0F-A163-9B1FB7FAB4CB}"
EndProject
Project("{FAE04EC0-301F-11D3-BF4B-00C04F79EFBC}") = "KamGame.Utilites", "..\..\1.0\KamGame.Utilites\KamGame.Utilites.csproj", "{23A3F039-AAB1-4931-8F0D-1EF0F01888C2}"
EndProject
Project("{FAE04EC0-301F-11D3-BF4B-00C04F79EFBC}") = "KamGame.Engine", "..\..\1.0\KamGame.Engine\KamGame.Engine.csproj", "{C526C5F0-6561-4CDF-91FF-0D92FD79421F}"
EndProject
Project("{FAE04EC0-301F-11D3-BF4B-00C04F79EFBC}") = "KamGame.Utilites.Android", "..\..\1.0\KamGame.Utilites\KamGame.Utilites.Android.csproj", "{3C11F1C2-77C6-4F7B-A574-BF672973D77B}"
EndProject
Project("{FAE04EC0-301F-11D3-BF4B-00C04F79EFBC}") = "KamGame.Engine.Android", "..\..\1.0\KamGame.Engine\KamGame.Engine.Android.csproj", "{BEC9132E-D106-4B17-A88D-C3039CD96C5D}"
EndProject
Project("{FAE04EC0-301F-11D3-BF4B-00C04F79EFBC}") = "MonoGame.Framework.Android", "..\..\MonoGame\MonoGame.Framework\MonoGame.Framework.Android.csproj", "{BA9476CF-99BA-4D03-92F2-73D2C5E58883}"
EndProject
Project("{FAE04EC0-301F-11D3-BF4B-00C04F79EFBC}") = "Content", "FallenLeaves.Content\Content.contentproj", "{5333C02B-E337-4D4D-99CB-9F66731FAC7A}"
EndProject
Project("{FAE04EC0-301F-11D3-BF4B-00C04F79EFBC}") = "ContentBuilder", "FallenLeaves.ContentBuilder\ContentBuilder.csproj", "{CC55C016-4688-4C4C-BE8B-03B72A17EC02}"
EndProject
Project("{FAE04EC0-301F-11D3-BF4B-00C04F79EFBC}") = "KamGame.Wallpapers", "..\..\1.0\KamGame.Wallpapers\KamGame.Wallpapers.csproj", "{98AF19D9-991E-40BC-A060-98A916A3F2CD}"
EndProject
Project("{FAE04EC0-301F-11D3-BF4B-00C04F79EFBC}") = "FallenLeaves.Windows", "FallenLeaves.Windows\FallenLeaves.Windows.csproj", "{3BFC697C-2777-4914-BA25-237118DAF7BF}"
EndProject
Project("{FAE04EC0-301F-11D3-BF4B-00C04F79EFBC}") = "Lidgren.Network.Android", "..\..\MonoGame\ThirdParty\Lidgren.Network\Lidgren.Network.Android.csproj", "{565129E0-4EE5-4F6F-B403-C3484C9740BE}"
EndProject
Project("{FAE04EC0-301F-11D3-BF4B-00C04F79EFBC}") = "KamGame.Wallpapers.Android", "..\..\1.0\KamGame.Wallpapers\KamGame.Wallpapers.Android.csproj", "{AB28898F-9936-4553-A83B-EF3072D1DA63}"
EndProject
Project("{2150E333-8FDC-42A3-9474-1A3956D46DE8}") = "KamGame.Android", "KamGame.Android", "{C4A323B2-2AD1-419A-9BF8-A578DC25095B}"
EndProject
Project("{FAE04EC0-301F-11D3-BF4B-00C04F79EFBC}") = "FallenLeaves.Android", "FallenLeaves.Android\FallenLeaves.Android.csproj", "{6B8797AC-B45C-4E2A-96A8-E9505908EEF5}"
EndProject
Project("{FAE04EC0-301F-11D3-BF4B-00C04F79EFBC}") = "MonoGame.Samples.AdMob.Android", "D:\MonoGame\MonoGame-Samples-master\AdMob\MonoGame.Samples.AdMob.Android.csproj", "{DD08D5F1-DE83-41C1-B599-76DC604643EB}"
EndProject
Project("{2150E333-8FDC-42A3-9474-1A3956D46DE8}") = "Poligon", "Poligon", "{8DAB1D5C-9A2F-4E8B-9187-7EC01C02BCC4}"
EndProject
Global
	GlobalSection(SolutionConfigurationPlatforms) = preSolution
		Android|Any CPU = Android|Any CPU
		Android|Mixed Platforms = Android|Mixed Platforms
		Android|x86 = Android|x86
		Debug Android|Any CPU = Debug Android|Any CPU
		Debug Android|Mixed Platforms = Debug Android|Mixed Platforms
		Debug Android|x86 = Debug Android|x86
		Debug|Any CPU = Debug|Any CPU
		Debug|Mixed Platforms = Debug|Mixed Platforms
		Debug|x86 = Debug|x86
		Documentation|Any CPU = Documentation|Any CPU
		Documentation|Mixed Platforms = Documentation|Mixed Platforms
		Documentation|x86 = Documentation|x86
		iOS|Any CPU = iOS|Any CPU
		iOS|Mixed Platforms = iOS|Mixed Platforms
		iOS|x86 = iOS|x86
		Linux|Any CPU = Linux|Any CPU
		Linux|Mixed Platforms = Linux|Mixed Platforms
		Linux|x86 = Linux|x86
		Mac|Any CPU = Mac|Any CPU
		Mac|Mixed Platforms = Mac|Mixed Platforms
		Mac|x86 = Mac|x86
		Nsis|Any CPU = Nsis|Any CPU
		Nsis|Mixed Platforms = Nsis|Mixed Platforms
		Nsis|x86 = Nsis|x86
		Release|Any CPU = Release|Any CPU
		Release|Mixed Platforms = Release|Mixed Platforms
		Release|x86 = Release|x86
		Windows|Any CPU = Windows|Any CPU
		Windows|Mixed Platforms = Windows|Mixed Platforms
		Windows|x86 = Windows|x86
		Windows8|Any CPU = Windows8|Any CPU
		Windows8|Mixed Platforms = Windows8|Mixed Platforms
		Windows8|x86 = Windows8|x86
	EndGlobalSection
	GlobalSection(ProjectConfigurationPlatforms) = postSolution
		{23A3F039-AAB1-4931-8F0D-1EF0F01888C2}.Android|Any CPU.ActiveCfg = Release|Any CPU
		{23A3F039-AAB1-4931-8F0D-1EF0F01888C2}.Android|Any CPU.Build.0 = Release|Any CPU
		{23A3F039-AAB1-4931-8F0D-1EF0F01888C2}.Android|Mixed Platforms.ActiveCfg = Release|Any CPU
		{23A3F039-AAB1-4931-8F0D-1EF0F01888C2}.Android|x86.ActiveCfg = Release|Any CPU
		{23A3F039-AAB1-4931-8F0D-1EF0F01888C2}.Debug Android|Any CPU.ActiveCfg = Debug|Any CPU
		{23A3F039-AAB1-4931-8F0D-1EF0F01888C2}.Debug Android|Any CPU.Build.0 = Debug|Any CPU
		{23A3F039-AAB1-4931-8F0D-1EF0F01888C2}.Debug Android|Mixed Platforms.ActiveCfg = Debug|Any CPU
		{23A3F039-AAB1-4931-8F0D-1EF0F01888C2}.Debug Android|x86.ActiveCfg = Debug|Any CPU
		{23A3F039-AAB1-4931-8F0D-1EF0F01888C2}.Debug|Any CPU.ActiveCfg = Debug|Any CPU
		{23A3F039-AAB1-4931-8F0D-1EF0F01888C2}.Debug|Any CPU.Build.0 = Debug|Any CPU
		{23A3F039-AAB1-4931-8F0D-1EF0F01888C2}.Debug|Mixed Platforms.ActiveCfg = Debug|Any CPU
		{23A3F039-AAB1-4931-8F0D-1EF0F01888C2}.Debug|Mixed Platforms.Build.0 = Debug|Any CPU
		{23A3F039-AAB1-4931-8F0D-1EF0F01888C2}.Debug|x86.ActiveCfg = Debug|Any CPU
		{23A3F039-AAB1-4931-8F0D-1EF0F01888C2}.Documentation|Any CPU.ActiveCfg = Debug|Any CPU
		{23A3F039-AAB1-4931-8F0D-1EF0F01888C2}.Documentation|Any CPU.Build.0 = Debug|Any CPU
		{23A3F039-AAB1-4931-8F0D-1EF0F01888C2}.Documentation|Mixed Platforms.ActiveCfg = Debug|Any CPU
		{23A3F039-AAB1-4931-8F0D-1EF0F01888C2}.Documentation|Mixed Platforms.Build.0 = Debug|Any CPU
		{23A3F039-AAB1-4931-8F0D-1EF0F01888C2}.Documentation|x86.ActiveCfg = Debug|Any CPU
		{23A3F039-AAB1-4931-8F0D-1EF0F01888C2}.iOS|Any CPU.ActiveCfg = Release|Any CPU
		{23A3F039-AAB1-4931-8F0D-1EF0F01888C2}.iOS|Any CPU.Build.0 = Release|Any CPU
		{23A3F039-AAB1-4931-8F0D-1EF0F01888C2}.iOS|Mixed Platforms.ActiveCfg = Release|Any CPU
		{23A3F039-AAB1-4931-8F0D-1EF0F01888C2}.iOS|Mixed Platforms.Build.0 = Release|Any CPU
		{23A3F039-AAB1-4931-8F0D-1EF0F01888C2}.iOS|x86.ActiveCfg = Release|Any CPU
		{23A3F039-AAB1-4931-8F0D-1EF0F01888C2}.Linux|Any CPU.ActiveCfg = Release|Any CPU
		{23A3F039-AAB1-4931-8F0D-1EF0F01888C2}.Linux|Any CPU.Build.0 = Release|Any CPU
		{23A3F039-AAB1-4931-8F0D-1EF0F01888C2}.Linux|Mixed Platforms.ActiveCfg = Release|Any CPU
		{23A3F039-AAB1-4931-8F0D-1EF0F01888C2}.Linux|Mixed Platforms.Build.0 = Release|Any CPU
		{23A3F039-AAB1-4931-8F0D-1EF0F01888C2}.Linux|x86.ActiveCfg = Release|Any CPU
		{23A3F039-AAB1-4931-8F0D-1EF0F01888C2}.Mac|Any CPU.ActiveCfg = Release|Any CPU
		{23A3F039-AAB1-4931-8F0D-1EF0F01888C2}.Mac|Any CPU.Build.0 = Release|Any CPU
		{23A3F039-AAB1-4931-8F0D-1EF0F01888C2}.Mac|Mixed Platforms.ActiveCfg = Release|Any CPU
		{23A3F039-AAB1-4931-8F0D-1EF0F01888C2}.Mac|Mixed Platforms.Build.0 = Release|Any CPU
		{23A3F039-AAB1-4931-8F0D-1EF0F01888C2}.Mac|x86.ActiveCfg = Release|Any CPU
		{23A3F039-AAB1-4931-8F0D-1EF0F01888C2}.Nsis|Any CPU.ActiveCfg = Debug|Any CPU
		{23A3F039-AAB1-4931-8F0D-1EF0F01888C2}.Nsis|Any CPU.Build.0 = Debug|Any CPU
		{23A3F039-AAB1-4931-8F0D-1EF0F01888C2}.Nsis|Mixed Platforms.ActiveCfg = Debug|Any CPU
		{23A3F039-AAB1-4931-8F0D-1EF0F01888C2}.Nsis|Mixed Platforms.Build.0 = Debug|Any CPU
		{23A3F039-AAB1-4931-8F0D-1EF0F01888C2}.Nsis|x86.ActiveCfg = Debug|Any CPU
		{23A3F039-AAB1-4931-8F0D-1EF0F01888C2}.Release|Any CPU.ActiveCfg = Release|Any CPU
		{23A3F039-AAB1-4931-8F0D-1EF0F01888C2}.Release|Any CPU.Build.0 = Release|Any CPU
		{23A3F039-AAB1-4931-8F0D-1EF0F01888C2}.Release|Mixed Platforms.ActiveCfg = Release|Any CPU
		{23A3F039-AAB1-4931-8F0D-1EF0F01888C2}.Release|Mixed Platforms.Build.0 = Release|Any CPU
		{23A3F039-AAB1-4931-8F0D-1EF0F01888C2}.Release|x86.ActiveCfg = Release|Any CPU
		{23A3F039-AAB1-4931-8F0D-1EF0F01888C2}.Windows|Any CPU.ActiveCfg = Release|Any CPU
		{23A3F039-AAB1-4931-8F0D-1EF0F01888C2}.Windows|Any CPU.Build.0 = Release|Any CPU
		{23A3F039-AAB1-4931-8F0D-1EF0F01888C2}.Windows|Mixed Platforms.ActiveCfg = Release|Any CPU
		{23A3F039-AAB1-4931-8F0D-1EF0F01888C2}.Windows|Mixed Platforms.Build.0 = Release|Any CPU
		{23A3F039-AAB1-4931-8F0D-1EF0F01888C2}.Windows|x86.ActiveCfg = Release|Any CPU
		{23A3F039-AAB1-4931-8F0D-1EF0F01888C2}.Windows8|Any CPU.ActiveCfg = Release|Any CPU
		{23A3F039-AAB1-4931-8F0D-1EF0F01888C2}.Windows8|Any CPU.Build.0 = Release|Any CPU
		{23A3F039-AAB1-4931-8F0D-1EF0F01888C2}.Windows8|Mixed Platforms.ActiveCfg = Release|Any CPU
		{23A3F039-AAB1-4931-8F0D-1EF0F01888C2}.Windows8|Mixed Platforms.Build.0 = Release|Any CPU
		{23A3F039-AAB1-4931-8F0D-1EF0F01888C2}.Windows8|x86.ActiveCfg = Release|Any CPU
		{C526C5F0-6561-4CDF-91FF-0D92FD79421F}.Android|Any CPU.ActiveCfg = Release|Any CPU
		{C526C5F0-6561-4CDF-91FF-0D92FD79421F}.Android|Any CPU.Build.0 = Release|Any CPU
		{C526C5F0-6561-4CDF-91FF-0D92FD79421F}.Android|Mixed Platforms.ActiveCfg = Release|Any CPU
		{C526C5F0-6561-4CDF-91FF-0D92FD79421F}.Android|x86.ActiveCfg = Release|Any CPU
		{C526C5F0-6561-4CDF-91FF-0D92FD79421F}.Debug Android|Any CPU.ActiveCfg = Debug|Any CPU
		{C526C5F0-6561-4CDF-91FF-0D92FD79421F}.Debug Android|Any CPU.Build.0 = Debug|Any CPU
		{C526C5F0-6561-4CDF-91FF-0D92FD79421F}.Debug Android|Mixed Platforms.ActiveCfg = Debug|Any CPU
		{C526C5F0-6561-4CDF-91FF-0D92FD79421F}.Debug Android|x86.ActiveCfg = Debug|Any CPU
		{C526C5F0-6561-4CDF-91FF-0D92FD79421F}.Debug|Any CPU.ActiveCfg = Debug|Any CPU
		{C526C5F0-6561-4CDF-91FF-0D92FD79421F}.Debug|Any CPU.Build.0 = Debug|Any CPU
		{C526C5F0-6561-4CDF-91FF-0D92FD79421F}.Debug|Mixed Platforms.ActiveCfg = Debug|Any CPU
		{C526C5F0-6561-4CDF-91FF-0D92FD79421F}.Debug|Mixed Platforms.Build.0 = Debug|Any CPU
		{C526C5F0-6561-4CDF-91FF-0D92FD79421F}.Debug|x86.ActiveCfg = Debug|Any CPU
		{C526C5F0-6561-4CDF-91FF-0D92FD79421F}.Documentation|Any CPU.ActiveCfg = Debug|Any CPU
		{C526C5F0-6561-4CDF-91FF-0D92FD79421F}.Documentation|Any CPU.Build.0 = Debug|Any CPU
		{C526C5F0-6561-4CDF-91FF-0D92FD79421F}.Documentation|Mixed Platforms.ActiveCfg = Debug|Any CPU
		{C526C5F0-6561-4CDF-91FF-0D92FD79421F}.Documentation|Mixed Platforms.Build.0 = Debug|Any CPU
		{C526C5F0-6561-4CDF-91FF-0D92FD79421F}.Documentation|x86.ActiveCfg = Debug|Any CPU
		{C526C5F0-6561-4CDF-91FF-0D92FD79421F}.iOS|Any CPU.ActiveCfg = Release|Any CPU
		{C526C5F0-6561-4CDF-91FF-0D92FD79421F}.iOS|Any CPU.Build.0 = Release|Any CPU
		{C526C5F0-6561-4CDF-91FF-0D92FD79421F}.iOS|Mixed Platforms.ActiveCfg = Release|Any CPU
		{C526C5F0-6561-4CDF-91FF-0D92FD79421F}.iOS|Mixed Platforms.Build.0 = Release|Any CPU
		{C526C5F0-6561-4CDF-91FF-0D92FD79421F}.iOS|x86.ActiveCfg = Release|Any CPU
		{C526C5F0-6561-4CDF-91FF-0D92FD79421F}.Linux|Any CPU.ActiveCfg = Release|Any CPU
		{C526C5F0-6561-4CDF-91FF-0D92FD79421F}.Linux|Any CPU.Build.0 = Release|Any CPU
		{C526C5F0-6561-4CDF-91FF-0D92FD79421F}.Linux|Mixed Platforms.ActiveCfg = Release|Any CPU
		{C526C5F0-6561-4CDF-91FF-0D92FD79421F}.Linux|Mixed Platforms.Build.0 = Release|Any CPU
		{C526C5F0-6561-4CDF-91FF-0D92FD79421F}.Linux|x86.ActiveCfg = Release|Any CPU
		{C526C5F0-6561-4CDF-91FF-0D92FD79421F}.Mac|Any CPU.ActiveCfg = Release|Any CPU
		{C526C5F0-6561-4CDF-91FF-0D92FD79421F}.Mac|Any CPU.Build.0 = Release|Any CPU
		{C526C5F0-6561-4CDF-91FF-0D92FD79421F}.Mac|Mixed Platforms.ActiveCfg = Release|Any CPU
		{C526C5F0-6561-4CDF-91FF-0D92FD79421F}.Mac|Mixed Platforms.Build.0 = Release|Any CPU
		{C526C5F0-6561-4CDF-91FF-0D92FD79421F}.Mac|x86.ActiveCfg = Release|Any CPU
		{C526C5F0-6561-4CDF-91FF-0D92FD79421F}.Nsis|Any CPU.ActiveCfg = Debug|Any CPU
		{C526C5F0-6561-4CDF-91FF-0D92FD79421F}.Nsis|Any CPU.Build.0 = Debug|Any CPU
		{C526C5F0-6561-4CDF-91FF-0D92FD79421F}.Nsis|Mixed Platforms.ActiveCfg = Debug|Any CPU
		{C526C5F0-6561-4CDF-91FF-0D92FD79421F}.Nsis|Mixed Platforms.Build.0 = Debug|Any CPU
		{C526C5F0-6561-4CDF-91FF-0D92FD79421F}.Nsis|x86.ActiveCfg = Debug|Any CPU
		{C526C5F0-6561-4CDF-91FF-0D92FD79421F}.Release|Any CPU.ActiveCfg = Release|Any CPU
		{C526C5F0-6561-4CDF-91FF-0D92FD79421F}.Release|Any CPU.Build.0 = Release|Any CPU
		{C526C5F0-6561-4CDF-91FF-0D92FD79421F}.Release|Mixed Platforms.ActiveCfg = Release|Any CPU
		{C526C5F0-6561-4CDF-91FF-0D92FD79421F}.Release|Mixed Platforms.Build.0 = Release|Any CPU
		{C526C5F0-6561-4CDF-91FF-0D92FD79421F}.Release|x86.ActiveCfg = Release|Any CPU
		{C526C5F0-6561-4CDF-91FF-0D92FD79421F}.Windows|Any CPU.ActiveCfg = Release|Any CPU
		{C526C5F0-6561-4CDF-91FF-0D92FD79421F}.Windows|Any CPU.Build.0 = Release|Any CPU
		{C526C5F0-6561-4CDF-91FF-0D92FD79421F}.Windows|Mixed Platforms.ActiveCfg = Release|Any CPU
		{C526C5F0-6561-4CDF-91FF-0D92FD79421F}.Windows|Mixed Platforms.Build.0 = Release|Any CPU
		{C526C5F0-6561-4CDF-91FF-0D92FD79421F}.Windows|x86.ActiveCfg = Release|Any CPU
		{C526C5F0-6561-4CDF-91FF-0D92FD79421F}.Windows8|Any CPU.ActiveCfg = Release|Any CPU
		{C526C5F0-6561-4CDF-91FF-0D92FD79421F}.Windows8|Any CPU.Build.0 = Release|Any CPU
		{C526C5F0-6561-4CDF-91FF-0D92FD79421F}.Windows8|Mixed Platforms.ActiveCfg = Release|Any CPU
		{C526C5F0-6561-4CDF-91FF-0D92FD79421F}.Windows8|Mixed Platforms.Build.0 = Release|Any CPU
		{C526C5F0-6561-4CDF-91FF-0D92FD79421F}.Windows8|x86.ActiveCfg = Release|Any CPU
		{3C11F1C2-77C6-4F7B-A574-BF672973D77B}.Android|Any CPU.ActiveCfg = Release|Any CPU
		{3C11F1C2-77C6-4F7B-A574-BF672973D77B}.Android|Any CPU.Build.0 = Release|Any CPU
		{3C11F1C2-77C6-4F7B-A574-BF672973D77B}.Android|Mixed Platforms.ActiveCfg = Release|Any CPU
		{3C11F1C2-77C6-4F7B-A574-BF672973D77B}.Android|Mixed Platforms.Build.0 = Release|Any CPU
		{3C11F1C2-77C6-4F7B-A574-BF672973D77B}.Android|x86.ActiveCfg = Release|Any CPU
		{3C11F1C2-77C6-4F7B-A574-BF672973D77B}.Debug Android|Any CPU.ActiveCfg = Debug|Any CPU
		{3C11F1C2-77C6-4F7B-A574-BF672973D77B}.Debug Android|Any CPU.Build.0 = Debug|Any CPU
		{3C11F1C2-77C6-4F7B-A574-BF672973D77B}.Debug Android|Mixed Platforms.ActiveCfg = Debug|Any CPU
		{3C11F1C2-77C6-4F7B-A574-BF672973D77B}.Debug Android|Mixed Platforms.Build.0 = Debug|Any CPU
		{3C11F1C2-77C6-4F7B-A574-BF672973D77B}.Debug Android|x86.ActiveCfg = Debug|Any CPU
		{3C11F1C2-77C6-4F7B-A574-BF672973D77B}.Debug|Any CPU.ActiveCfg = Debug|Any CPU
		{3C11F1C2-77C6-4F7B-A574-BF672973D77B}.Debug|Any CPU.Build.0 = Debug|Any CPU
		{3C11F1C2-77C6-4F7B-A574-BF672973D77B}.Debug|Mixed Platforms.ActiveCfg = Debug|Any CPU
		{3C11F1C2-77C6-4F7B-A574-BF672973D77B}.Debug|x86.ActiveCfg = Debug|Any CPU
		{3C11F1C2-77C6-4F7B-A574-BF672973D77B}.Documentation|Any CPU.ActiveCfg = Debug|Any CPU
		{3C11F1C2-77C6-4F7B-A574-BF672973D77B}.Documentation|Any CPU.Build.0 = Debug|Any CPU
		{3C11F1C2-77C6-4F7B-A574-BF672973D77B}.Documentation|Mixed Platforms.ActiveCfg = Debug|Any CPU
		{3C11F1C2-77C6-4F7B-A574-BF672973D77B}.Documentation|Mixed Platforms.Build.0 = Debug|Any CPU
		{3C11F1C2-77C6-4F7B-A574-BF672973D77B}.Documentation|x86.ActiveCfg = Debug|Any CPU
		{3C11F1C2-77C6-4F7B-A574-BF672973D77B}.iOS|Any CPU.ActiveCfg = Release|Any CPU
		{3C11F1C2-77C6-4F7B-A574-BF672973D77B}.iOS|Any CPU.Build.0 = Release|Any CPU
		{3C11F1C2-77C6-4F7B-A574-BF672973D77B}.iOS|Mixed Platforms.ActiveCfg = Release|Any CPU
		{3C11F1C2-77C6-4F7B-A574-BF672973D77B}.iOS|Mixed Platforms.Build.0 = Release|Any CPU
		{3C11F1C2-77C6-4F7B-A574-BF672973D77B}.iOS|x86.ActiveCfg = Release|Any CPU
		{3C11F1C2-77C6-4F7B-A574-BF672973D77B}.Linux|Any CPU.ActiveCfg = Release|Any CPU
		{3C11F1C2-77C6-4F7B-A574-BF672973D77B}.Linux|Any CPU.Build.0 = Release|Any CPU
		{3C11F1C2-77C6-4F7B-A574-BF672973D77B}.Linux|Mixed Platforms.ActiveCfg = Release|Any CPU
		{3C11F1C2-77C6-4F7B-A574-BF672973D77B}.Linux|Mixed Platforms.Build.0 = Release|Any CPU
		{3C11F1C2-77C6-4F7B-A574-BF672973D77B}.Linux|x86.ActiveCfg = Release|Any CPU
		{3C11F1C2-77C6-4F7B-A574-BF672973D77B}.Mac|Any CPU.ActiveCfg = Release|Any CPU
		{3C11F1C2-77C6-4F7B-A574-BF672973D77B}.Mac|Any CPU.Build.0 = Release|Any CPU
		{3C11F1C2-77C6-4F7B-A574-BF672973D77B}.Mac|Mixed Platforms.ActiveCfg = Release|Any CPU
		{3C11F1C2-77C6-4F7B-A574-BF672973D77B}.Mac|Mixed Platforms.Build.0 = Release|Any CPU
		{3C11F1C2-77C6-4F7B-A574-BF672973D77B}.Mac|x86.ActiveCfg = Release|Any CPU
		{3C11F1C2-77C6-4F7B-A574-BF672973D77B}.Nsis|Any CPU.ActiveCfg = Debug|Any CPU
		{3C11F1C2-77C6-4F7B-A574-BF672973D77B}.Nsis|Any CPU.Build.0 = Debug|Any CPU
		{3C11F1C2-77C6-4F7B-A574-BF672973D77B}.Nsis|Mixed Platforms.ActiveCfg = Debug|Any CPU
		{3C11F1C2-77C6-4F7B-A574-BF672973D77B}.Nsis|Mixed Platforms.Build.0 = Debug|Any CPU
		{3C11F1C2-77C6-4F7B-A574-BF672973D77B}.Nsis|x86.ActiveCfg = Debug|Any CPU
		{3C11F1C2-77C6-4F7B-A574-BF672973D77B}.Release|Any CPU.ActiveCfg = Release|Any CPU
		{3C11F1C2-77C6-4F7B-A574-BF672973D77B}.Release|Any CPU.Build.0 = Release|Any CPU
		{3C11F1C2-77C6-4F7B-A574-BF672973D77B}.Release|Mixed Platforms.ActiveCfg = Release|Any CPU
		{3C11F1C2-77C6-4F7B-A574-BF672973D77B}.Release|Mixed Platforms.Build.0 = Release|Any CPU
		{3C11F1C2-77C6-4F7B-A574-BF672973D77B}.Release|x86.ActiveCfg = Release|Any CPU
		{3C11F1C2-77C6-4F7B-A574-BF672973D77B}.Windows|Any CPU.ActiveCfg = Release|Any CPU
		{3C11F1C2-77C6-4F7B-A574-BF672973D77B}.Windows|Any CPU.Build.0 = Release|Any CPU
		{3C11F1C2-77C6-4F7B-A574-BF672973D77B}.Windows|Mixed Platforms.ActiveCfg = Release|Any CPU
		{3C11F1C2-77C6-4F7B-A574-BF672973D77B}.Windows|Mixed Platforms.Build.0 = Release|Any CPU
		{3C11F1C2-77C6-4F7B-A574-BF672973D77B}.Windows|x86.ActiveCfg = Release|Any CPU
		{3C11F1C2-77C6-4F7B-A574-BF672973D77B}.Windows8|Any CPU.ActiveCfg = Release|Any CPU
		{3C11F1C2-77C6-4F7B-A574-BF672973D77B}.Windows8|Any CPU.Build.0 = Release|Any CPU
		{3C11F1C2-77C6-4F7B-A574-BF672973D77B}.Windows8|Mixed Platforms.ActiveCfg = Release|Any CPU
		{3C11F1C2-77C6-4F7B-A574-BF672973D77B}.Windows8|Mixed Platforms.Build.0 = Release|Any CPU
		{3C11F1C2-77C6-4F7B-A574-BF672973D77B}.Windows8|x86.ActiveCfg = Release|Any CPU
		{BEC9132E-D106-4B17-A88D-C3039CD96C5D}.Android|Any CPU.ActiveCfg = Release|Any CPU
		{BEC9132E-D106-4B17-A88D-C3039CD96C5D}.Android|Any CPU.Build.0 = Release|Any CPU
		{BEC9132E-D106-4B17-A88D-C3039CD96C5D}.Android|Mixed Platforms.ActiveCfg = Release|Any CPU
		{BEC9132E-D106-4B17-A88D-C3039CD96C5D}.Android|Mixed Platforms.Build.0 = Release|Any CPU
		{BEC9132E-D106-4B17-A88D-C3039CD96C5D}.Android|x86.ActiveCfg = Release|Any CPU
		{BEC9132E-D106-4B17-A88D-C3039CD96C5D}.Debug Android|Any CPU.ActiveCfg = Debug|Any CPU
		{BEC9132E-D106-4B17-A88D-C3039CD96C5D}.Debug Android|Any CPU.Build.0 = Debug|Any CPU
		{BEC9132E-D106-4B17-A88D-C3039CD96C5D}.Debug Android|Mixed Platforms.ActiveCfg = Debug|Any CPU
		{BEC9132E-D106-4B17-A88D-C3039CD96C5D}.Debug Android|Mixed Platforms.Build.0 = Debug|Any CPU
		{BEC9132E-D106-4B17-A88D-C3039CD96C5D}.Debug Android|x86.ActiveCfg = Debug|Any CPU
		{BEC9132E-D106-4B17-A88D-C3039CD96C5D}.Debug|Any CPU.ActiveCfg = Debug|Any CPU
		{BEC9132E-D106-4B17-A88D-C3039CD96C5D}.Debug|Any CPU.Build.0 = Debug|Any CPU
		{BEC9132E-D106-4B17-A88D-C3039CD96C5D}.Debug|Mixed Platforms.ActiveCfg = Debug|Any CPU
		{BEC9132E-D106-4B17-A88D-C3039CD96C5D}.Debug|x86.ActiveCfg = Debug|Any CPU
		{BEC9132E-D106-4B17-A88D-C3039CD96C5D}.Documentation|Any CPU.ActiveCfg = Debug|Any CPU
		{BEC9132E-D106-4B17-A88D-C3039CD96C5D}.Documentation|Any CPU.Build.0 = Debug|Any CPU
		{BEC9132E-D106-4B17-A88D-C3039CD96C5D}.Documentation|Mixed Platforms.ActiveCfg = Debug|Any CPU
		{BEC9132E-D106-4B17-A88D-C3039CD96C5D}.Documentation|Mixed Platforms.Build.0 = Debug|Any CPU
		{BEC9132E-D106-4B17-A88D-C3039CD96C5D}.Documentation|x86.ActiveCfg = Debug|Any CPU
		{BEC9132E-D106-4B17-A88D-C3039CD96C5D}.iOS|Any CPU.ActiveCfg = Release|Any CPU
		{BEC9132E-D106-4B17-A88D-C3039CD96C5D}.iOS|Any CPU.Build.0 = Release|Any CPU
		{BEC9132E-D106-4B17-A88D-C3039CD96C5D}.iOS|Mixed Platforms.ActiveCfg = Release|Any CPU
		{BEC9132E-D106-4B17-A88D-C3039CD96C5D}.iOS|Mixed Platforms.Build.0 = Release|Any CPU
		{BEC9132E-D106-4B17-A88D-C3039CD96C5D}.iOS|x86.ActiveCfg = Release|Any CPU
		{BEC9132E-D106-4B17-A88D-C3039CD96C5D}.Linux|Any CPU.ActiveCfg = Release|Any CPU
		{BEC9132E-D106-4B17-A88D-C3039CD96C5D}.Linux|Any CPU.Build.0 = Release|Any CPU
		{BEC9132E-D106-4B17-A88D-C3039CD96C5D}.Linux|Mixed Platforms.ActiveCfg = Release|Any CPU
		{BEC9132E-D106-4B17-A88D-C3039CD96C5D}.Linux|Mixed Platforms.Build.0 = Release|Any CPU
		{BEC9132E-D106-4B17-A88D-C3039CD96C5D}.Linux|x86.ActiveCfg = Release|Any CPU
		{BEC9132E-D106-4B17-A88D-C3039CD96C5D}.Mac|Any CPU.ActiveCfg = Release|Any CPU
		{BEC9132E-D106-4B17-A88D-C3039CD96C5D}.Mac|Any CPU.Build.0 = Release|Any CPU
		{BEC9132E-D106-4B17-A88D-C3039CD96C5D}.Mac|Mixed Platforms.ActiveCfg = Release|Any CPU
		{BEC9132E-D106-4B17-A88D-C3039CD96C5D}.Mac|Mixed Platforms.Build.0 = Release|Any CPU
		{BEC9132E-D106-4B17-A88D-C3039CD96C5D}.Mac|x86.ActiveCfg = Release|Any CPU
		{BEC9132E-D106-4B17-A88D-C3039CD96C5D}.Nsis|Any CPU.ActiveCfg = Debug|Any CPU
		{BEC9132E-D106-4B17-A88D-C3039CD96C5D}.Nsis|Any CPU.Build.0 = Debug|Any CPU
		{BEC9132E-D106-4B17-A88D-C3039CD96C5D}.Nsis|Mixed Platforms.ActiveCfg = Debug|Any CPU
		{BEC9132E-D106-4B17-A88D-C3039CD96C5D}.Nsis|Mixed Platforms.Build.0 = Debug|Any CPU
		{BEC9132E-D106-4B17-A88D-C3039CD96C5D}.Nsis|x86.ActiveCfg = Debug|Any CPU
		{BEC9132E-D106-4B17-A88D-C3039CD96C5D}.Release|Any CPU.ActiveCfg = Release|Any CPU
		{BEC9132E-D106-4B17-A88D-C3039CD96C5D}.Release|Any CPU.Build.0 = Release|Any CPU
		{BEC9132E-D106-4B17-A88D-C3039CD96C5D}.Release|Mixed Platforms.ActiveCfg = Release|Any CPU
		{BEC9132E-D106-4B17-A88D-C3039CD96C5D}.Release|Mixed Platforms.Build.0 = Release|Any CPU
		{BEC9132E-D106-4B17-A88D-C3039CD96C5D}.Release|x86.ActiveCfg = Release|Any CPU
		{BEC9132E-D106-4B17-A88D-C3039CD96C5D}.Windows|Any CPU.ActiveCfg = Release|Any CPU
		{BEC9132E-D106-4B17-A88D-C3039CD96C5D}.Windows|Any CPU.Build.0 = Release|Any CPU
		{BEC9132E-D106-4B17-A88D-C3039CD96C5D}.Windows|Mixed Platforms.ActiveCfg = Release|Any CPU
		{BEC9132E-D106-4B17-A88D-C3039CD96C5D}.Windows|Mixed Platforms.Build.0 = Release|Any CPU
		{BEC9132E-D106-4B17-A88D-C3039CD96C5D}.Windows|x86.ActiveCfg = Release|Any CPU
		{BEC9132E-D106-4B17-A88D-C3039CD96C5D}.Windows8|Any CPU.ActiveCfg = Release|Any CPU
		{BEC9132E-D106-4B17-A88D-C3039CD96C5D}.Windows8|Any CPU.Build.0 = Release|Any CPU
		{BEC9132E-D106-4B17-A88D-C3039CD96C5D}.Windows8|Mixed Platforms.ActiveCfg = Release|Any CPU
		{BEC9132E-D106-4B17-A88D-C3039CD96C5D}.Windows8|Mixed Platforms.Build.0 = Release|Any CPU
		{BEC9132E-D106-4B17-A88D-C3039CD96C5D}.Windows8|x86.ActiveCfg = Release|Any CPU
		{BA9476CF-99BA-4D03-92F2-73D2C5E58883}.Android|Any CPU.ActiveCfg = Release|Any CPU
		{BA9476CF-99BA-4D03-92F2-73D2C5E58883}.Android|Any CPU.Build.0 = Release|Any CPU
		{BA9476CF-99BA-4D03-92F2-73D2C5E58883}.Android|Mixed Platforms.ActiveCfg = Release|Any CPU
		{BA9476CF-99BA-4D03-92F2-73D2C5E58883}.Android|Mixed Platforms.Build.0 = Release|Any CPU
		{BA9476CF-99BA-4D03-92F2-73D2C5E58883}.Android|x86.ActiveCfg = Release|Any CPU
		{BA9476CF-99BA-4D03-92F2-73D2C5E58883}.Debug Android|Any CPU.ActiveCfg = Debug|Any CPU
		{BA9476CF-99BA-4D03-92F2-73D2C5E58883}.Debug Android|Any CPU.Build.0 = Debug|Any CPU
		{BA9476CF-99BA-4D03-92F2-73D2C5E58883}.Debug Android|Mixed Platforms.ActiveCfg = Debug|Any CPU
		{BA9476CF-99BA-4D03-92F2-73D2C5E58883}.Debug Android|Mixed Platforms.Build.0 = Debug|Any CPU
		{BA9476CF-99BA-4D03-92F2-73D2C5E58883}.Debug Android|x86.ActiveCfg = Debug|Any CPU
		{BA9476CF-99BA-4D03-92F2-73D2C5E58883}.Debug|Any CPU.ActiveCfg = Debug|Any CPU
		{BA9476CF-99BA-4D03-92F2-73D2C5E58883}.Debug|Any CPU.Build.0 = Debug|Any CPU
		{BA9476CF-99BA-4D03-92F2-73D2C5E58883}.Debug|Mixed Platforms.ActiveCfg = Debug|Any CPU
		{BA9476CF-99BA-4D03-92F2-73D2C5E58883}.Debug|x86.ActiveCfg = Debug|Any CPU
		{BA9476CF-99BA-4D03-92F2-73D2C5E58883}.Documentation|Any CPU.ActiveCfg = Debug|Any CPU
		{BA9476CF-99BA-4D03-92F2-73D2C5E58883}.Documentation|Any CPU.Build.0 = Debug|Any CPU
		{BA9476CF-99BA-4D03-92F2-73D2C5E58883}.Documentation|Mixed Platforms.ActiveCfg = Debug|Any CPU
		{BA9476CF-99BA-4D03-92F2-73D2C5E58883}.Documentation|Mixed Platforms.Build.0 = Debug|Any CPU
		{BA9476CF-99BA-4D03-92F2-73D2C5E58883}.Documentation|x86.ActiveCfg = Debug|Any CPU
		{BA9476CF-99BA-4D03-92F2-73D2C5E58883}.iOS|Any CPU.ActiveCfg = Release|Any CPU
		{BA9476CF-99BA-4D03-92F2-73D2C5E58883}.iOS|Any CPU.Build.0 = Release|Any CPU
		{BA9476CF-99BA-4D03-92F2-73D2C5E58883}.iOS|Mixed Platforms.ActiveCfg = Release|Any CPU
		{BA9476CF-99BA-4D03-92F2-73D2C5E58883}.iOS|Mixed Platforms.Build.0 = Release|Any CPU
		{BA9476CF-99BA-4D03-92F2-73D2C5E58883}.iOS|x86.ActiveCfg = Release|Any CPU
		{BA9476CF-99BA-4D03-92F2-73D2C5E58883}.Linux|Any CPU.ActiveCfg = Release|Any CPU
		{BA9476CF-99BA-4D03-92F2-73D2C5E58883}.Linux|Any CPU.Build.0 = Release|Any CPU
		{BA9476CF-99BA-4D03-92F2-73D2C5E58883}.Linux|Mixed Platforms.ActiveCfg = Release|Any CPU
		{BA9476CF-99BA-4D03-92F2-73D2C5E58883}.Linux|Mixed Platforms.Build.0 = Release|Any CPU
		{BA9476CF-99BA-4D03-92F2-73D2C5E58883}.Linux|x86.ActiveCfg = Release|Any CPU
		{BA9476CF-99BA-4D03-92F2-73D2C5E58883}.Mac|Any CPU.ActiveCfg = Release|Any CPU
		{BA9476CF-99BA-4D03-92F2-73D2C5E58883}.Mac|Any CPU.Build.0 = Release|Any CPU
		{BA9476CF-99BA-4D03-92F2-73D2C5E58883}.Mac|Mixed Platforms.ActiveCfg = Release|Any CPU
		{BA9476CF-99BA-4D03-92F2-73D2C5E58883}.Mac|Mixed Platforms.Build.0 = Release|Any CPU
		{BA9476CF-99BA-4D03-92F2-73D2C5E58883}.Mac|x86.ActiveCfg = Release|Any CPU
		{BA9476CF-99BA-4D03-92F2-73D2C5E58883}.Nsis|Any CPU.ActiveCfg = Debug|Any CPU
		{BA9476CF-99BA-4D03-92F2-73D2C5E58883}.Nsis|Any CPU.Build.0 = Debug|Any CPU
		{BA9476CF-99BA-4D03-92F2-73D2C5E58883}.Nsis|Mixed Platforms.ActiveCfg = Debug|Any CPU
		{BA9476CF-99BA-4D03-92F2-73D2C5E58883}.Nsis|Mixed Platforms.Build.0 = Debug|Any CPU
		{BA9476CF-99BA-4D03-92F2-73D2C5E58883}.Nsis|x86.ActiveCfg = Debug|Any CPU
		{BA9476CF-99BA-4D03-92F2-73D2C5E58883}.Release|Any CPU.ActiveCfg = Release|Any CPU
		{BA9476CF-99BA-4D03-92F2-73D2C5E58883}.Release|Any CPU.Build.0 = Release|Any CPU
		{BA9476CF-99BA-4D03-92F2-73D2C5E58883}.Release|Mixed Platforms.ActiveCfg = Release|Any CPU
		{BA9476CF-99BA-4D03-92F2-73D2C5E58883}.Release|Mixed Platforms.Build.0 = Release|Any CPU
		{BA9476CF-99BA-4D03-92F2-73D2C5E58883}.Release|x86.ActiveCfg = Release|Any CPU
		{BA9476CF-99BA-4D03-92F2-73D2C5E58883}.Windows|Any CPU.ActiveCfg = Release|Any CPU
		{BA9476CF-99BA-4D03-92F2-73D2C5E58883}.Windows|Any CPU.Build.0 = Release|Any CPU
		{BA9476CF-99BA-4D03-92F2-73D2C5E58883}.Windows|Mixed Platforms.ActiveCfg = Release|Any CPU
		{BA9476CF-99BA-4D03-92F2-73D2C5E58883}.Windows|Mixed Platforms.Build.0 = Release|Any CPU
		{BA9476CF-99BA-4D03-92F2-73D2C5E58883}.Windows|x86.ActiveCfg = Release|Any CPU
		{BA9476CF-99BA-4D03-92F2-73D2C5E58883}.Windows8|Any CPU.ActiveCfg = Release|Any CPU
		{BA9476CF-99BA-4D03-92F2-73D2C5E58883}.Windows8|Any CPU.Build.0 = Release|Any CPU
		{BA9476CF-99BA-4D03-92F2-73D2C5E58883}.Windows8|Mixed Platforms.ActiveCfg = Release|Any CPU
		{BA9476CF-99BA-4D03-92F2-73D2C5E58883}.Windows8|Mixed Platforms.Build.0 = Release|Any CPU
		{BA9476CF-99BA-4D03-92F2-73D2C5E58883}.Windows8|x86.ActiveCfg = Release|Any CPU
		{5333C02B-E337-4D4D-99CB-9F66731FAC7A}.Android|Any CPU.ActiveCfg = Release|x86
		{5333C02B-E337-4D4D-99CB-9F66731FAC7A}.Android|Mixed Platforms.ActiveCfg = Release|x86
		{5333C02B-E337-4D4D-99CB-9F66731FAC7A}.Android|x86.ActiveCfg = Release|x86
		{5333C02B-E337-4D4D-99CB-9F66731FAC7A}.Debug Android|Any CPU.ActiveCfg = Debug|x86
		{5333C02B-E337-4D4D-99CB-9F66731FAC7A}.Debug Android|Mixed Platforms.ActiveCfg = Debug|x86
		{5333C02B-E337-4D4D-99CB-9F66731FAC7A}.Debug Android|x86.ActiveCfg = Debug|x86
		{5333C02B-E337-4D4D-99CB-9F66731FAC7A}.Debug|Any CPU.ActiveCfg = Debug|x86
		{5333C02B-E337-4D4D-99CB-9F66731FAC7A}.Debug|Mixed Platforms.ActiveCfg = Debug|x86
		{5333C02B-E337-4D4D-99CB-9F66731FAC7A}.Debug|x86.ActiveCfg = Debug|x86
		{5333C02B-E337-4D4D-99CB-9F66731FAC7A}.Documentation|Any CPU.ActiveCfg = Debug|x86
		{5333C02B-E337-4D4D-99CB-9F66731FAC7A}.Documentation|Mixed Platforms.ActiveCfg = Debug|x86
		{5333C02B-E337-4D4D-99CB-9F66731FAC7A}.Documentation|x86.ActiveCfg = Debug|x86
		{5333C02B-E337-4D4D-99CB-9F66731FAC7A}.iOS|Any CPU.ActiveCfg = Release|x86
		{5333C02B-E337-4D4D-99CB-9F66731FAC7A}.iOS|Mixed Platforms.ActiveCfg = Release|x86
		{5333C02B-E337-4D4D-99CB-9F66731FAC7A}.iOS|x86.ActiveCfg = Release|x86
		{5333C02B-E337-4D4D-99CB-9F66731FAC7A}.Linux|Any CPU.ActiveCfg = Release|x86
		{5333C02B-E337-4D4D-99CB-9F66731FAC7A}.Linux|Mixed Platforms.ActiveCfg = Release|x86
		{5333C02B-E337-4D4D-99CB-9F66731FAC7A}.Linux|x86.ActiveCfg = Release|x86
		{5333C02B-E337-4D4D-99CB-9F66731FAC7A}.Mac|Any CPU.ActiveCfg = Release|x86
		{5333C02B-E337-4D4D-99CB-9F66731FAC7A}.Mac|Mixed Platforms.ActiveCfg = Release|x86
		{5333C02B-E337-4D4D-99CB-9F66731FAC7A}.Mac|x86.ActiveCfg = Release|x86
		{5333C02B-E337-4D4D-99CB-9F66731FAC7A}.Nsis|Any CPU.ActiveCfg = Release|x86
		{5333C02B-E337-4D4D-99CB-9F66731FAC7A}.Nsis|Mixed Platforms.ActiveCfg = Release|x86
		{5333C02B-E337-4D4D-99CB-9F66731FAC7A}.Nsis|x86.ActiveCfg = Release|x86
		{5333C02B-E337-4D4D-99CB-9F66731FAC7A}.Release|Any CPU.ActiveCfg = Release|x86
		{5333C02B-E337-4D4D-99CB-9F66731FAC7A}.Release|Mixed Platforms.ActiveCfg = Release|x86
		{5333C02B-E337-4D4D-99CB-9F66731FAC7A}.Release|x86.ActiveCfg = Release|x86
		{5333C02B-E337-4D4D-99CB-9F66731FAC7A}.Windows|Any CPU.ActiveCfg = Release|x86
		{5333C02B-E337-4D4D-99CB-9F66731FAC7A}.Windows|Mixed Platforms.ActiveCfg = Release|x86
		{5333C02B-E337-4D4D-99CB-9F66731FAC7A}.Windows|x86.ActiveCfg = Release|x86
		{5333C02B-E337-4D4D-99CB-9F66731FAC7A}.Windows8|Any CPU.ActiveCfg = Release|x86
		{5333C02B-E337-4D4D-99CB-9F66731FAC7A}.Windows8|Mixed Platforms.ActiveCfg = Release|x86
		{5333C02B-E337-4D4D-99CB-9F66731FAC7A}.Windows8|x86.ActiveCfg = Release|x86
		{CC55C016-4688-4C4C-BE8B-03B72A17EC02}.Android|Any CPU.ActiveCfg = Release|x86
		{CC55C016-4688-4C4C-BE8B-03B72A17EC02}.Android|Mixed Platforms.ActiveCfg = Release|x86
		{CC55C016-4688-4C4C-BE8B-03B72A17EC02}.Android|x86.ActiveCfg = Release|x86
		{CC55C016-4688-4C4C-BE8B-03B72A17EC02}.Android|x86.Build.0 = Release|x86
		{CC55C016-4688-4C4C-BE8B-03B72A17EC02}.Debug Android|Any CPU.ActiveCfg = Debug|x86
		{CC55C016-4688-4C4C-BE8B-03B72A17EC02}.Debug Android|Mixed Platforms.ActiveCfg = Debug|x86
		{CC55C016-4688-4C4C-BE8B-03B72A17EC02}.Debug Android|x86.ActiveCfg = Debug|x86
		{CC55C016-4688-4C4C-BE8B-03B72A17EC02}.Debug Android|x86.Build.0 = Debug|x86
		{CC55C016-4688-4C4C-BE8B-03B72A17EC02}.Debug|Any CPU.ActiveCfg = Debug|x86
		{CC55C016-4688-4C4C-BE8B-03B72A17EC02}.Debug|Mixed Platforms.ActiveCfg = Debug|x86
		{CC55C016-4688-4C4C-BE8B-03B72A17EC02}.Debug|x86.ActiveCfg = Debug|x86
		{CC55C016-4688-4C4C-BE8B-03B72A17EC02}.Debug|x86.Build.0 = Debug|x86
		{CC55C016-4688-4C4C-BE8B-03B72A17EC02}.Documentation|Any CPU.ActiveCfg = Debug|x86
		{CC55C016-4688-4C4C-BE8B-03B72A17EC02}.Documentation|Mixed Platforms.ActiveCfg = Debug|x86
		{CC55C016-4688-4C4C-BE8B-03B72A17EC02}.Documentation|Mixed Platforms.Build.0 = Debug|x86
		{CC55C016-4688-4C4C-BE8B-03B72A17EC02}.Documentation|x86.ActiveCfg = Debug|x86
		{CC55C016-4688-4C4C-BE8B-03B72A17EC02}.Documentation|x86.Build.0 = Debug|x86
		{CC55C016-4688-4C4C-BE8B-03B72A17EC02}.iOS|Any CPU.ActiveCfg = Release|x86
		{CC55C016-4688-4C4C-BE8B-03B72A17EC02}.iOS|Mixed Platforms.ActiveCfg = Release|x86
		{CC55C016-4688-4C4C-BE8B-03B72A17EC02}.iOS|Mixed Platforms.Build.0 = Release|x86
		{CC55C016-4688-4C4C-BE8B-03B72A17EC02}.iOS|x86.ActiveCfg = Release|x86
		{CC55C016-4688-4C4C-BE8B-03B72A17EC02}.iOS|x86.Build.0 = Release|x86
		{CC55C016-4688-4C4C-BE8B-03B72A17EC02}.Linux|Any CPU.ActiveCfg = Release|x86
		{CC55C016-4688-4C4C-BE8B-03B72A17EC02}.Linux|Mixed Platforms.ActiveCfg = Release|x86
		{CC55C016-4688-4C4C-BE8B-03B72A17EC02}.Linux|Mixed Platforms.Build.0 = Release|x86
		{CC55C016-4688-4C4C-BE8B-03B72A17EC02}.Linux|x86.ActiveCfg = Release|x86
		{CC55C016-4688-4C4C-BE8B-03B72A17EC02}.Linux|x86.Build.0 = Release|x86
		{CC55C016-4688-4C4C-BE8B-03B72A17EC02}.Mac|Any CPU.ActiveCfg = Release|x86
		{CC55C016-4688-4C4C-BE8B-03B72A17EC02}.Mac|Mixed Platforms.ActiveCfg = Release|x86
		{CC55C016-4688-4C4C-BE8B-03B72A17EC02}.Mac|Mixed Platforms.Build.0 = Release|x86
		{CC55C016-4688-4C4C-BE8B-03B72A17EC02}.Mac|x86.ActiveCfg = Release|x86
		{CC55C016-4688-4C4C-BE8B-03B72A17EC02}.Mac|x86.Build.0 = Release|x86
		{CC55C016-4688-4C4C-BE8B-03B72A17EC02}.Nsis|Any CPU.ActiveCfg = Release|x86
		{CC55C016-4688-4C4C-BE8B-03B72A17EC02}.Nsis|Mixed Platforms.ActiveCfg = Release|x86
		{CC55C016-4688-4C4C-BE8B-03B72A17EC02}.Nsis|Mixed Platforms.Build.0 = Release|x86
		{CC55C016-4688-4C4C-BE8B-03B72A17EC02}.Nsis|x86.ActiveCfg = Release|x86
		{CC55C016-4688-4C4C-BE8B-03B72A17EC02}.Nsis|x86.Build.0 = Release|x86
		{CC55C016-4688-4C4C-BE8B-03B72A17EC02}.Release|Any CPU.ActiveCfg = Release|x86
		{CC55C016-4688-4C4C-BE8B-03B72A17EC02}.Release|Mixed Platforms.ActiveCfg = Release|x86
		{CC55C016-4688-4C4C-BE8B-03B72A17EC02}.Release|Mixed Platforms.Build.0 = Release|x86
		{CC55C016-4688-4C4C-BE8B-03B72A17EC02}.Release|x86.ActiveCfg = Release|x86
		{CC55C016-4688-4C4C-BE8B-03B72A17EC02}.Release|x86.Build.0 = Release|x86
		{CC55C016-4688-4C4C-BE8B-03B72A17EC02}.Windows|Any CPU.ActiveCfg = Release|x86
		{CC55C016-4688-4C4C-BE8B-03B72A17EC02}.Windows|Mixed Platforms.ActiveCfg = Release|x86
		{CC55C016-4688-4C4C-BE8B-03B72A17EC02}.Windows|Mixed Platforms.Build.0 = Release|x86
		{CC55C016-4688-4C4C-BE8B-03B72A17EC02}.Windows|x86.ActiveCfg = Release|x86
		{CC55C016-4688-4C4C-BE8B-03B72A17EC02}.Windows|x86.Build.0 = Release|x86
		{CC55C016-4688-4C4C-BE8B-03B72A17EC02}.Windows8|Any CPU.ActiveCfg = Release|x86
		{CC55C016-4688-4C4C-BE8B-03B72A17EC02}.Windows8|Mixed Platforms.ActiveCfg = Release|x86
		{CC55C016-4688-4C4C-BE8B-03B72A17EC02}.Windows8|Mixed Platforms.Build.0 = Release|x86
		{CC55C016-4688-4C4C-BE8B-03B72A17EC02}.Windows8|x86.ActiveCfg = Release|x86
		{CC55C016-4688-4C4C-BE8B-03B72A17EC02}.Windows8|x86.Build.0 = Release|x86
		{98AF19D9-991E-40BC-A060-98A916A3F2CD}.Android|Any CPU.ActiveCfg = Release|Any CPU
		{98AF19D9-991E-40BC-A060-98A916A3F2CD}.Android|Any CPU.Build.0 = Release|Any CPU
		{98AF19D9-991E-40BC-A060-98A916A3F2CD}.Android|Mixed Platforms.ActiveCfg = Release|Any CPU
		{98AF19D9-991E-40BC-A060-98A916A3F2CD}.Android|x86.ActiveCfg = Release|Any CPU
		{98AF19D9-991E-40BC-A060-98A916A3F2CD}.Debug Android|Any CPU.ActiveCfg = Debug|Any CPU
		{98AF19D9-991E-40BC-A060-98A916A3F2CD}.Debug Android|Any CPU.Build.0 = Debug|Any CPU
		{98AF19D9-991E-40BC-A060-98A916A3F2CD}.Debug Android|Mixed Platforms.ActiveCfg = Debug|Any CPU
		{98AF19D9-991E-40BC-A060-98A916A3F2CD}.Debug Android|x86.ActiveCfg = Debug|Any CPU
		{98AF19D9-991E-40BC-A060-98A916A3F2CD}.Debug|Any CPU.ActiveCfg = Debug|Any CPU
		{98AF19D9-991E-40BC-A060-98A916A3F2CD}.Debug|Any CPU.Build.0 = Debug|Any CPU
		{98AF19D9-991E-40BC-A060-98A916A3F2CD}.Debug|Mixed Platforms.ActiveCfg = Debug|Any CPU
		{98AF19D9-991E-40BC-A060-98A916A3F2CD}.Debug|Mixed Platforms.Build.0 = Debug|Any CPU
		{98AF19D9-991E-40BC-A060-98A916A3F2CD}.Debug|x86.ActiveCfg = Debug|Any CPU
		{98AF19D9-991E-40BC-A060-98A916A3F2CD}.Documentation|Any CPU.ActiveCfg = Debug|Any CPU
		{98AF19D9-991E-40BC-A060-98A916A3F2CD}.Documentation|Any CPU.Build.0 = Debug|Any CPU
		{98AF19D9-991E-40BC-A060-98A916A3F2CD}.Documentation|Mixed Platforms.ActiveCfg = Debug|Any CPU
		{98AF19D9-991E-40BC-A060-98A916A3F2CD}.Documentation|Mixed Platforms.Build.0 = Debug|Any CPU
		{98AF19D9-991E-40BC-A060-98A916A3F2CD}.Documentation|x86.ActiveCfg = Debug|Any CPU
		{98AF19D9-991E-40BC-A060-98A916A3F2CD}.iOS|Any CPU.ActiveCfg = Release|Any CPU
		{98AF19D9-991E-40BC-A060-98A916A3F2CD}.iOS|Any CPU.Build.0 = Release|Any CPU
		{98AF19D9-991E-40BC-A060-98A916A3F2CD}.iOS|Mixed Platforms.ActiveCfg = Release|Any CPU
		{98AF19D9-991E-40BC-A060-98A916A3F2CD}.iOS|Mixed Platforms.Build.0 = Release|Any CPU
		{98AF19D9-991E-40BC-A060-98A916A3F2CD}.iOS|x86.ActiveCfg = Release|Any CPU
		{98AF19D9-991E-40BC-A060-98A916A3F2CD}.Linux|Any CPU.ActiveCfg = Release|Any CPU
		{98AF19D9-991E-40BC-A060-98A916A3F2CD}.Linux|Any CPU.Build.0 = Release|Any CPU
		{98AF19D9-991E-40BC-A060-98A916A3F2CD}.Linux|Mixed Platforms.ActiveCfg = Release|Any CPU
		{98AF19D9-991E-40BC-A060-98A916A3F2CD}.Linux|Mixed Platforms.Build.0 = Release|Any CPU
		{98AF19D9-991E-40BC-A060-98A916A3F2CD}.Linux|x86.ActiveCfg = Release|Any CPU
		{98AF19D9-991E-40BC-A060-98A916A3F2CD}.Mac|Any CPU.ActiveCfg = Release|Any CPU
		{98AF19D9-991E-40BC-A060-98A916A3F2CD}.Mac|Any CPU.Build.0 = Release|Any CPU
		{98AF19D9-991E-40BC-A060-98A916A3F2CD}.Mac|Mixed Platforms.ActiveCfg = Release|Any CPU
		{98AF19D9-991E-40BC-A060-98A916A3F2CD}.Mac|Mixed Platforms.Build.0 = Release|Any CPU
		{98AF19D9-991E-40BC-A060-98A916A3F2CD}.Mac|x86.ActiveCfg = Release|Any CPU
		{98AF19D9-991E-40BC-A060-98A916A3F2CD}.Nsis|Any CPU.ActiveCfg = Release|Any CPU
		{98AF19D9-991E-40BC-A060-98A916A3F2CD}.Nsis|Any CPU.Build.0 = Release|Any CPU
		{98AF19D9-991E-40BC-A060-98A916A3F2CD}.Nsis|Mixed Platforms.ActiveCfg = Release|Any CPU
		{98AF19D9-991E-40BC-A060-98A916A3F2CD}.Nsis|Mixed Platforms.Build.0 = Release|Any CPU
		{98AF19D9-991E-40BC-A060-98A916A3F2CD}.Nsis|x86.ActiveCfg = Release|Any CPU
		{98AF19D9-991E-40BC-A060-98A916A3F2CD}.Release|Any CPU.ActiveCfg = Release|Any CPU
		{98AF19D9-991E-40BC-A060-98A916A3F2CD}.Release|Any CPU.Build.0 = Release|Any CPU
		{98AF19D9-991E-40BC-A060-98A916A3F2CD}.Release|Mixed Platforms.ActiveCfg = Release|Any CPU
		{98AF19D9-991E-40BC-A060-98A916A3F2CD}.Release|Mixed Platforms.Build.0 = Release|Any CPU
		{98AF19D9-991E-40BC-A060-98A916A3F2CD}.Release|x86.ActiveCfg = Release|Any CPU
		{98AF19D9-991E-40BC-A060-98A916A3F2CD}.Windows|Any CPU.ActiveCfg = Release|Any CPU
		{98AF19D9-991E-40BC-A060-98A916A3F2CD}.Windows|Any CPU.Build.0 = Release|Any CPU
		{98AF19D9-991E-40BC-A060-98A916A3F2CD}.Windows|Mixed Platforms.ActiveCfg = Release|Any CPU
		{98AF19D9-991E-40BC-A060-98A916A3F2CD}.Windows|Mixed Platforms.Build.0 = Release|Any CPU
		{98AF19D9-991E-40BC-A060-98A916A3F2CD}.Windows|x86.ActiveCfg = Release|Any CPU
		{98AF19D9-991E-40BC-A060-98A916A3F2CD}.Windows8|Any CPU.ActiveCfg = Release|Any CPU
		{98AF19D9-991E-40BC-A060-98A916A3F2CD}.Windows8|Any CPU.Build.0 = Release|Any CPU
		{98AF19D9-991E-40BC-A060-98A916A3F2CD}.Windows8|Mixed Platforms.ActiveCfg = Release|Any CPU
		{98AF19D9-991E-40BC-A060-98A916A3F2CD}.Windows8|Mixed Platforms.Build.0 = Release|Any CPU
		{98AF19D9-991E-40BC-A060-98A916A3F2CD}.Windows8|x86.ActiveCfg = Release|Any CPU
		{3BFC697C-2777-4914-BA25-237118DAF7BF}.Android|Any CPU.ActiveCfg = Release|x86
		{3BFC697C-2777-4914-BA25-237118DAF7BF}.Android|Mixed Platforms.ActiveCfg = Release|x86
		{3BFC697C-2777-4914-BA25-237118DAF7BF}.Android|x86.ActiveCfg = Release|x86
		{3BFC697C-2777-4914-BA25-237118DAF7BF}.Android|x86.Build.0 = Release|x86
		{3BFC697C-2777-4914-BA25-237118DAF7BF}.Debug Android|Any CPU.ActiveCfg = Debug|x86
		{3BFC697C-2777-4914-BA25-237118DAF7BF}.Debug Android|Mixed Platforms.ActiveCfg = Debug|x86
		{3BFC697C-2777-4914-BA25-237118DAF7BF}.Debug Android|x86.ActiveCfg = Debug|x86
		{3BFC697C-2777-4914-BA25-237118DAF7BF}.Debug Android|x86.Build.0 = Debug|x86
		{3BFC697C-2777-4914-BA25-237118DAF7BF}.Debug|Any CPU.ActiveCfg = Debug|x86
		{3BFC697C-2777-4914-BA25-237118DAF7BF}.Debug|Mixed Platforms.ActiveCfg = Debug|x86
		{3BFC697C-2777-4914-BA25-237118DAF7BF}.Debug|Mixed Platforms.Build.0 = Debug|x86
		{3BFC697C-2777-4914-BA25-237118DAF7BF}.Debug|x86.ActiveCfg = Debug|x86
		{3BFC697C-2777-4914-BA25-237118DAF7BF}.Debug|x86.Build.0 = Debug|x86
		{3BFC697C-2777-4914-BA25-237118DAF7BF}.Documentation|Any CPU.ActiveCfg = Debug|x86
		{3BFC697C-2777-4914-BA25-237118DAF7BF}.Documentation|Mixed Platforms.ActiveCfg = Debug|x86
		{3BFC697C-2777-4914-BA25-237118DAF7BF}.Documentation|Mixed Platforms.Build.0 = Debug|x86
		{3BFC697C-2777-4914-BA25-237118DAF7BF}.Documentation|x86.ActiveCfg = Debug|x86
		{3BFC697C-2777-4914-BA25-237118DAF7BF}.Documentation|x86.Build.0 = Debug|x86
		{3BFC697C-2777-4914-BA25-237118DAF7BF}.iOS|Any CPU.ActiveCfg = Release|x86
		{3BFC697C-2777-4914-BA25-237118DAF7BF}.iOS|Mixed Platforms.ActiveCfg = Release|x86
		{3BFC697C-2777-4914-BA25-237118DAF7BF}.iOS|Mixed Platforms.Build.0 = Release|x86
		{3BFC697C-2777-4914-BA25-237118DAF7BF}.iOS|x86.ActiveCfg = Release|x86
		{3BFC697C-2777-4914-BA25-237118DAF7BF}.iOS|x86.Build.0 = Release|x86
		{3BFC697C-2777-4914-BA25-237118DAF7BF}.Linux|Any CPU.ActiveCfg = Release|x86
		{3BFC697C-2777-4914-BA25-237118DAF7BF}.Linux|Mixed Platforms.ActiveCfg = Release|x86
		{3BFC697C-2777-4914-BA25-237118DAF7BF}.Linux|Mixed Platforms.Build.0 = Release|x86
		{3BFC697C-2777-4914-BA25-237118DAF7BF}.Linux|x86.ActiveCfg = Release|x86
		{3BFC697C-2777-4914-BA25-237118DAF7BF}.Linux|x86.Build.0 = Release|x86
		{3BFC697C-2777-4914-BA25-237118DAF7BF}.Mac|Any CPU.ActiveCfg = Release|x86
		{3BFC697C-2777-4914-BA25-237118DAF7BF}.Mac|Mixed Platforms.ActiveCfg = Release|x86
		{3BFC697C-2777-4914-BA25-237118DAF7BF}.Mac|Mixed Platforms.Build.0 = Release|x86
		{3BFC697C-2777-4914-BA25-237118DAF7BF}.Mac|x86.ActiveCfg = Release|x86
		{3BFC697C-2777-4914-BA25-237118DAF7BF}.Mac|x86.Build.0 = Release|x86
		{3BFC697C-2777-4914-BA25-237118DAF7BF}.Nsis|Any CPU.ActiveCfg = Release|x86
		{3BFC697C-2777-4914-BA25-237118DAF7BF}.Nsis|Mixed Platforms.ActiveCfg = Release|x86
		{3BFC697C-2777-4914-BA25-237118DAF7BF}.Nsis|Mixed Platforms.Build.0 = Release|x86
		{3BFC697C-2777-4914-BA25-237118DAF7BF}.Nsis|x86.ActiveCfg = Release|x86
		{3BFC697C-2777-4914-BA25-237118DAF7BF}.Nsis|x86.Build.0 = Release|x86
		{3BFC697C-2777-4914-BA25-237118DAF7BF}.Release|Any CPU.ActiveCfg = Release|x86
		{3BFC697C-2777-4914-BA25-237118DAF7BF}.Release|Mixed Platforms.ActiveCfg = Release|x86
		{3BFC697C-2777-4914-BA25-237118DAF7BF}.Release|Mixed Platforms.Build.0 = Release|x86
		{3BFC697C-2777-4914-BA25-237118DAF7BF}.Release|x86.ActiveCfg = Release|x86
		{3BFC697C-2777-4914-BA25-237118DAF7BF}.Release|x86.Build.0 = Release|x86
		{3BFC697C-2777-4914-BA25-237118DAF7BF}.Windows|Any CPU.ActiveCfg = Release|x86
		{3BFC697C-2777-4914-BA25-237118DAF7BF}.Windows|Mixed Platforms.ActiveCfg = Release|x86
		{3BFC697C-2777-4914-BA25-237118DAF7BF}.Windows|Mixed Platforms.Build.0 = Release|x86
		{3BFC697C-2777-4914-BA25-237118DAF7BF}.Windows|x86.ActiveCfg = Release|x86
		{3BFC697C-2777-4914-BA25-237118DAF7BF}.Windows|x86.Build.0 = Release|x86
		{3BFC697C-2777-4914-BA25-237118DAF7BF}.Windows8|Any CPU.ActiveCfg = Release|x86
		{3BFC697C-2777-4914-BA25-237118DAF7BF}.Windows8|Mixed Platforms.ActiveCfg = Release|x86
		{3BFC697C-2777-4914-BA25-237118DAF7BF}.Windows8|Mixed Platforms.Build.0 = Release|x86
		{3BFC697C-2777-4914-BA25-237118DAF7BF}.Windows8|x86.ActiveCfg = Release|x86
		{3BFC697C-2777-4914-BA25-237118DAF7BF}.Windows8|x86.Build.0 = Release|x86
		{565129E0-4EE5-4F6F-B403-C3484C9740BE}.Android|Any CPU.ActiveCfg = Release|Any CPU
		{565129E0-4EE5-4F6F-B403-C3484C9740BE}.Android|Any CPU.Build.0 = Release|Any CPU
		{565129E0-4EE5-4F6F-B403-C3484C9740BE}.Android|Mixed Platforms.ActiveCfg = Release|Any CPU
		{565129E0-4EE5-4F6F-B403-C3484C9740BE}.Android|Mixed Platforms.Build.0 = Release|Any CPU
		{565129E0-4EE5-4F6F-B403-C3484C9740BE}.Android|x86.ActiveCfg = Release|Any CPU
		{565129E0-4EE5-4F6F-B403-C3484C9740BE}.Debug Android|Any CPU.ActiveCfg = Debug|Any CPU
		{565129E0-4EE5-4F6F-B403-C3484C9740BE}.Debug Android|Any CPU.Build.0 = Debug|Any CPU
		{565129E0-4EE5-4F6F-B403-C3484C9740BE}.Debug Android|Mixed Platforms.ActiveCfg = Debug|Any CPU
		{565129E0-4EE5-4F6F-B403-C3484C9740BE}.Debug Android|Mixed Platforms.Build.0 = Debug|Any CPU
		{565129E0-4EE5-4F6F-B403-C3484C9740BE}.Debug Android|x86.ActiveCfg = Debug|Any CPU
		{565129E0-4EE5-4F6F-B403-C3484C9740BE}.Debug|Any CPU.ActiveCfg = Debug|Any CPU
		{565129E0-4EE5-4F6F-B403-C3484C9740BE}.Debug|Any CPU.Build.0 = Debug|Any CPU
		{565129E0-4EE5-4F6F-B403-C3484C9740BE}.Debug|Mixed Platforms.ActiveCfg = Debug|Any CPU
		{565129E0-4EE5-4F6F-B403-C3484C9740BE}.Debug|x86.ActiveCfg = Debug|Any CPU
		{565129E0-4EE5-4F6F-B403-C3484C9740BE}.Documentation|Any CPU.ActiveCfg = Debug|Any CPU
		{565129E0-4EE5-4F6F-B403-C3484C9740BE}.Documentation|Any CPU.Build.0 = Debug|Any CPU
		{565129E0-4EE5-4F6F-B403-C3484C9740BE}.Documentation|Mixed Platforms.ActiveCfg = Debug|Any CPU
		{565129E0-4EE5-4F6F-B403-C3484C9740BE}.Documentation|Mixed Platforms.Build.0 = Debug|Any CPU
		{565129E0-4EE5-4F6F-B403-C3484C9740BE}.Documentation|x86.ActiveCfg = Debug|Any CPU
		{565129E0-4EE5-4F6F-B403-C3484C9740BE}.iOS|Any CPU.ActiveCfg = Release|Any CPU
		{565129E0-4EE5-4F6F-B403-C3484C9740BE}.iOS|Any CPU.Build.0 = Release|Any CPU
		{565129E0-4EE5-4F6F-B403-C3484C9740BE}.iOS|Mixed Platforms.ActiveCfg = Release|Any CPU
		{565129E0-4EE5-4F6F-B403-C3484C9740BE}.iOS|Mixed Platforms.Build.0 = Release|Any CPU
		{565129E0-4EE5-4F6F-B403-C3484C9740BE}.iOS|x86.ActiveCfg = Release|Any CPU
		{565129E0-4EE5-4F6F-B403-C3484C9740BE}.Linux|Any CPU.ActiveCfg = Release|Any CPU
		{565129E0-4EE5-4F6F-B403-C3484C9740BE}.Linux|Any CPU.Build.0 = Release|Any CPU
		{565129E0-4EE5-4F6F-B403-C3484C9740BE}.Linux|Mixed Platforms.ActiveCfg = Release|Any CPU
		{565129E0-4EE5-4F6F-B403-C3484C9740BE}.Linux|Mixed Platforms.Build.0 = Release|Any CPU
		{565129E0-4EE5-4F6F-B403-C3484C9740BE}.Linux|x86.ActiveCfg = Release|Any CPU
		{565129E0-4EE5-4F6F-B403-C3484C9740BE}.Mac|Any CPU.ActiveCfg = Release|Any CPU
		{565129E0-4EE5-4F6F-B403-C3484C9740BE}.Mac|Any CPU.Build.0 = Release|Any CPU
		{565129E0-4EE5-4F6F-B403-C3484C9740BE}.Mac|Mixed Platforms.ActiveCfg = Release|Any CPU
		{565129E0-4EE5-4F6F-B403-C3484C9740BE}.Mac|Mixed Platforms.Build.0 = Release|Any CPU
		{565129E0-4EE5-4F6F-B403-C3484C9740BE}.Mac|x86.ActiveCfg = Release|Any CPU
		{565129E0-4EE5-4F6F-B403-C3484C9740BE}.Nsis|Any CPU.ActiveCfg = Release|Any CPU
		{565129E0-4EE5-4F6F-B403-C3484C9740BE}.Nsis|Any CPU.Build.0 = Release|Any CPU
		{565129E0-4EE5-4F6F-B403-C3484C9740BE}.Nsis|Mixed Platforms.ActiveCfg = Release|Any CPU
		{565129E0-4EE5-4F6F-B403-C3484C9740BE}.Nsis|Mixed Platforms.Build.0 = Release|Any CPU
		{565129E0-4EE5-4F6F-B403-C3484C9740BE}.Nsis|x86.ActiveCfg = Release|Any CPU
		{565129E0-4EE5-4F6F-B403-C3484C9740BE}.Release|Any CPU.ActiveCfg = Release|Any CPU
		{565129E0-4EE5-4F6F-B403-C3484C9740BE}.Release|Any CPU.Build.0 = Release|Any CPU
		{565129E0-4EE5-4F6F-B403-C3484C9740BE}.Release|Mixed Platforms.ActiveCfg = Release|Any CPU
		{565129E0-4EE5-4F6F-B403-C3484C9740BE}.Release|Mixed Platforms.Build.0 = Release|Any CPU
		{565129E0-4EE5-4F6F-B403-C3484C9740BE}.Release|x86.ActiveCfg = Release|Any CPU
		{565129E0-4EE5-4F6F-B403-C3484C9740BE}.Windows|Any CPU.ActiveCfg = Release|Any CPU
		{565129E0-4EE5-4F6F-B403-C3484C9740BE}.Windows|Any CPU.Build.0 = Release|Any CPU
		{565129E0-4EE5-4F6F-B403-C3484C9740BE}.Windows|Mixed Platforms.ActiveCfg = Release|Any CPU
		{565129E0-4EE5-4F6F-B403-C3484C9740BE}.Windows|Mixed Platforms.Build.0 = Release|Any CPU
		{565129E0-4EE5-4F6F-B403-C3484C9740BE}.Windows|x86.ActiveCfg = Release|Any CPU
		{565129E0-4EE5-4F6F-B403-C3484C9740BE}.Windows8|Any CPU.ActiveCfg = Release|Any CPU
		{565129E0-4EE5-4F6F-B403-C3484C9740BE}.Windows8|Any CPU.Build.0 = Release|Any CPU
		{565129E0-4EE5-4F6F-B403-C3484C9740BE}.Windows8|Mixed Platforms.ActiveCfg = Release|Any CPU
		{565129E0-4EE5-4F6F-B403-C3484C9740BE}.Windows8|Mixed Platforms.Build.0 = Release|Any CPU
		{565129E0-4EE5-4F6F-B403-C3484C9740BE}.Windows8|x86.ActiveCfg = Release|Any CPU
		{AB28898F-9936-4553-A83B-EF3072D1DA63}.Android|Any CPU.ActiveCfg = Release|Any CPU
		{AB28898F-9936-4553-A83B-EF3072D1DA63}.Android|Any CPU.Build.0 = Release|Any CPU
		{AB28898F-9936-4553-A83B-EF3072D1DA63}.Android|Mixed Platforms.ActiveCfg = Release|Any CPU
		{AB28898F-9936-4553-A83B-EF3072D1DA63}.Android|Mixed Platforms.Build.0 = Release|Any CPU
		{AB28898F-9936-4553-A83B-EF3072D1DA63}.Android|x86.ActiveCfg = Release|Any CPU
		{AB28898F-9936-4553-A83B-EF3072D1DA63}.Debug Android|Any CPU.ActiveCfg = Debug|Any CPU
		{AB28898F-9936-4553-A83B-EF3072D1DA63}.Debug Android|Any CPU.Build.0 = Debug|Any CPU
		{AB28898F-9936-4553-A83B-EF3072D1DA63}.Debug Android|Mixed Platforms.ActiveCfg = Debug|Any CPU
		{AB28898F-9936-4553-A83B-EF3072D1DA63}.Debug Android|Mixed Platforms.Build.0 = Debug|Any CPU
		{AB28898F-9936-4553-A83B-EF3072D1DA63}.Debug Android|x86.ActiveCfg = Debug|Any CPU
		{AB28898F-9936-4553-A83B-EF3072D1DA63}.Debug|Any CPU.ActiveCfg = Debug|Any CPU
		{AB28898F-9936-4553-A83B-EF3072D1DA63}.Debug|Any CPU.Build.0 = Debug|Any CPU
		{AB28898F-9936-4553-A83B-EF3072D1DA63}.Debug|Mixed Platforms.ActiveCfg = Debug|Any CPU
		{AB28898F-9936-4553-A83B-EF3072D1DA63}.Debug|x86.ActiveCfg = Debug|Any CPU
		{AB28898F-9936-4553-A83B-EF3072D1DA63}.Documentation|Any CPU.ActiveCfg = Debug|Any CPU
		{AB28898F-9936-4553-A83B-EF3072D1DA63}.Documentation|Any CPU.Build.0 = Debug|Any CPU
		{AB28898F-9936-4553-A83B-EF3072D1DA63}.Documentation|Mixed Platforms.ActiveCfg = Debug|Any CPU
		{AB28898F-9936-4553-A83B-EF3072D1DA63}.Documentation|Mixed Platforms.Build.0 = Debug|Any CPU
		{AB28898F-9936-4553-A83B-EF3072D1DA63}.Documentation|x86.ActiveCfg = Debug|Any CPU
		{AB28898F-9936-4553-A83B-EF3072D1DA63}.iOS|Any CPU.ActiveCfg = Release|Any CPU
		{AB28898F-9936-4553-A83B-EF3072D1DA63}.iOS|Any CPU.Build.0 = Release|Any CPU
		{AB28898F-9936-4553-A83B-EF3072D1DA63}.iOS|Mixed Platforms.ActiveCfg = Release|Any CPU
		{AB28898F-9936-4553-A83B-EF3072D1DA63}.iOS|Mixed Platforms.Build.0 = Release|Any CPU
		{AB28898F-9936-4553-A83B-EF3072D1DA63}.iOS|x86.ActiveCfg = Release|Any CPU
		{AB28898F-9936-4553-A83B-EF3072D1DA63}.Linux|Any CPU.ActiveCfg = Release|Any CPU
		{AB28898F-9936-4553-A83B-EF3072D1DA63}.Linux|Any CPU.Build.0 = Release|Any CPU
		{AB28898F-9936-4553-A83B-EF3072D1DA63}.Linux|Mixed Platforms.ActiveCfg = Release|Any CPU
		{AB28898F-9936-4553-A83B-EF3072D1DA63}.Linux|Mixed Platforms.Build.0 = Release|Any CPU
		{AB28898F-9936-4553-A83B-EF3072D1DA63}.Linux|x86.ActiveCfg = Release|Any CPU
		{AB28898F-9936-4553-A83B-EF3072D1DA63}.Mac|Any CPU.ActiveCfg = Release|Any CPU
		{AB28898F-9936-4553-A83B-EF3072D1DA63}.Mac|Any CPU.Build.0 = Release|Any CPU
		{AB28898F-9936-4553-A83B-EF3072D1DA63}.Mac|Mixed Platforms.ActiveCfg = Release|Any CPU
		{AB28898F-9936-4553-A83B-EF3072D1DA63}.Mac|Mixed Platforms.Build.0 = Release|Any CPU
		{AB28898F-9936-4553-A83B-EF3072D1DA63}.Mac|x86.ActiveCfg = Release|Any CPU
		{AB28898F-9936-4553-A83B-EF3072D1DA63}.Nsis|Any CPU.ActiveCfg = Release|Any CPU
		{AB28898F-9936-4553-A83B-EF3072D1DA63}.Nsis|Any CPU.Build.0 = Release|Any CPU
		{AB28898F-9936-4553-A83B-EF3072D1DA63}.Nsis|Mixed Platforms.ActiveCfg = Release|Any CPU
		{AB28898F-9936-4553-A83B-EF3072D1DA63}.Nsis|Mixed Platforms.Build.0 = Release|Any CPU
		{AB28898F-9936-4553-A83B-EF3072D1DA63}.Nsis|x86.ActiveCfg = Release|Any CPU
		{AB28898F-9936-4553-A83B-EF3072D1DA63}.Release|Any CPU.ActiveCfg = Release|Any CPU
		{AB28898F-9936-4553-A83B-EF3072D1DA63}.Release|Any CPU.Build.0 = Release|Any CPU
		{AB28898F-9936-4553-A83B-EF3072D1DA63}.Release|Mixed Platforms.ActiveCfg = Release|Any CPU
		{AB28898F-9936-4553-A83B-EF3072D1DA63}.Release|Mixed Platforms.Build.0 = Release|Any CPU
		{AB28898F-9936-4553-A83B-EF3072D1DA63}.Release|x86.ActiveCfg = Release|Any CPU
		{AB28898F-9936-4553-A83B-EF3072D1DA63}.Windows|Any CPU.ActiveCfg = Release|Any CPU
		{AB28898F-9936-4553-A83B-EF3072D1DA63}.Windows|Any CPU.Build.0 = Release|Any CPU
		{AB28898F-9936-4553-A83B-EF3072D1DA63}.Windows|Mixed Platforms.ActiveCfg = Release|Any CPU
		{AB28898F-9936-4553-A83B-EF3072D1DA63}.Windows|Mixed Platforms.Build.0 = Release|Any CPU
		{AB28898F-9936-4553-A83B-EF3072D1DA63}.Windows|x86.ActiveCfg = Release|Any CPU
		{AB28898F-9936-4553-A83B-EF3072D1DA63}.Windows8|Any CPU.ActiveCfg = Release|Any CPU
		{AB28898F-9936-4553-A83B-EF3072D1DA63}.Windows8|Any CPU.Build.0 = Release|Any CPU
		{AB28898F-9936-4553-A83B-EF3072D1DA63}.Windows8|Mixed Platforms.ActiveCfg = Release|Any CPU
		{AB28898F-9936-4553-A83B-EF3072D1DA63}.Windows8|Mixed Platforms.Build.0 = Release|Any CPU
		{AB28898F-9936-4553-A83B-EF3072D1DA63}.Windows8|x86.ActiveCfg = Release|Any CPU
		{6B8797AC-B45C-4E2A-96A8-E9505908EEF5}.Android|Any CPU.ActiveCfg = Release|Any CPU
		{6B8797AC-B45C-4E2A-96A8-E9505908EEF5}.Android|Any CPU.Build.0 = Release|Any CPU
		{6B8797AC-B45C-4E2A-96A8-E9505908EEF5}.Android|Any CPU.Deploy.0 = Release|Any CPU
		{6B8797AC-B45C-4E2A-96A8-E9505908EEF5}.Android|Mixed Platforms.ActiveCfg = Release|Any CPU
		{6B8797AC-B45C-4E2A-96A8-E9505908EEF5}.Android|Mixed Platforms.Build.0 = Release|Any CPU
		{6B8797AC-B45C-4E2A-96A8-E9505908EEF5}.Android|Mixed Platforms.Deploy.0 = Release|Any CPU
		{6B8797AC-B45C-4E2A-96A8-E9505908EEF5}.Android|x86.ActiveCfg = Release|Any CPU
		{6B8797AC-B45C-4E2A-96A8-E9505908EEF5}.Debug Android|Any CPU.ActiveCfg = Debug|Any CPU
		{6B8797AC-B45C-4E2A-96A8-E9505908EEF5}.Debug Android|Any CPU.Build.0 = Debug|Any CPU
		{6B8797AC-B45C-4E2A-96A8-E9505908EEF5}.Debug Android|Any CPU.Deploy.0 = Debug|Any CPU
		{6B8797AC-B45C-4E2A-96A8-E9505908EEF5}.Debug Android|Mixed Platforms.ActiveCfg = Debug|Any CPU
		{6B8797AC-B45C-4E2A-96A8-E9505908EEF5}.Debug Android|Mixed Platforms.Build.0 = Debug|Any CPU
		{6B8797AC-B45C-4E2A-96A8-E9505908EEF5}.Debug Android|Mixed Platforms.Deploy.0 = Debug|Any CPU
		{6B8797AC-B45C-4E2A-96A8-E9505908EEF5}.Debug Android|x86.ActiveCfg = Debug|Any CPU
		{6B8797AC-B45C-4E2A-96A8-E9505908EEF5}.Debug|Any CPU.ActiveCfg = Debug|Any CPU
		{6B8797AC-B45C-4E2A-96A8-E9505908EEF5}.Debug|Any CPU.Build.0 = Debug|Any CPU
		{6B8797AC-B45C-4E2A-96A8-E9505908EEF5}.Debug|Any CPU.Deploy.0 = Debug|Any CPU
		{6B8797AC-B45C-4E2A-96A8-E9505908EEF5}.Debug|Mixed Platforms.ActiveCfg = Debug|Any CPU
		{6B8797AC-B45C-4E2A-96A8-E9505908EEF5}.Debug|x86.ActiveCfg = Debug|Any CPU
		{6B8797AC-B45C-4E2A-96A8-E9505908EEF5}.Documentation|Any CPU.ActiveCfg = Debug|Any CPU
		{6B8797AC-B45C-4E2A-96A8-E9505908EEF5}.Documentation|Any CPU.Build.0 = Debug|Any CPU
		{6B8797AC-B45C-4E2A-96A8-E9505908EEF5}.Documentation|Any CPU.Deploy.0 = Debug|Any CPU
		{6B8797AC-B45C-4E2A-96A8-E9505908EEF5}.Documentation|Mixed Platforms.ActiveCfg = Debug|Any CPU
		{6B8797AC-B45C-4E2A-96A8-E9505908EEF5}.Documentation|Mixed Platforms.Build.0 = Debug|Any CPU
		{6B8797AC-B45C-4E2A-96A8-E9505908EEF5}.Documentation|Mixed Platforms.Deploy.0 = Debug|Any CPU
		{6B8797AC-B45C-4E2A-96A8-E9505908EEF5}.Documentation|x86.ActiveCfg = Debug|Any CPU
		{6B8797AC-B45C-4E2A-96A8-E9505908EEF5}.iOS|Any CPU.ActiveCfg = Release|Any CPU
		{6B8797AC-B45C-4E2A-96A8-E9505908EEF5}.iOS|Any CPU.Build.0 = Release|Any CPU
		{6B8797AC-B45C-4E2A-96A8-E9505908EEF5}.iOS|Any CPU.Deploy.0 = Release|Any CPU
		{6B8797AC-B45C-4E2A-96A8-E9505908EEF5}.iOS|Mixed Platforms.ActiveCfg = Release|Any CPU
		{6B8797AC-B45C-4E2A-96A8-E9505908EEF5}.iOS|Mixed Platforms.Build.0 = Release|Any CPU
		{6B8797AC-B45C-4E2A-96A8-E9505908EEF5}.iOS|Mixed Platforms.Deploy.0 = Release|Any CPU
		{6B8797AC-B45C-4E2A-96A8-E9505908EEF5}.iOS|x86.ActiveCfg = Release|Any CPU
		{6B8797AC-B45C-4E2A-96A8-E9505908EEF5}.Linux|Any CPU.ActiveCfg = Release|Any CPU
		{6B8797AC-B45C-4E2A-96A8-E9505908EEF5}.Linux|Any CPU.Build.0 = Release|Any CPU
		{6B8797AC-B45C-4E2A-96A8-E9505908EEF5}.Linux|Any CPU.Deploy.0 = Release|Any CPU
		{6B8797AC-B45C-4E2A-96A8-E9505908EEF5}.Linux|Mixed Platforms.ActiveCfg = Release|Any CPU
		{6B8797AC-B45C-4E2A-96A8-E9505908EEF5}.Linux|Mixed Platforms.Build.0 = Release|Any CPU
		{6B8797AC-B45C-4E2A-96A8-E9505908EEF5}.Linux|Mixed Platforms.Deploy.0 = Release|Any CPU
		{6B8797AC-B45C-4E2A-96A8-E9505908EEF5}.Linux|x86.ActiveCfg = Release|Any CPU
		{6B8797AC-B45C-4E2A-96A8-E9505908EEF5}.Mac|Any CPU.ActiveCfg = Release|Any CPU
		{6B8797AC-B45C-4E2A-96A8-E9505908EEF5}.Mac|Any CPU.Build.0 = Release|Any CPU
		{6B8797AC-B45C-4E2A-96A8-E9505908EEF5}.Mac|Any CPU.Deploy.0 = Release|Any CPU
		{6B8797AC-B45C-4E2A-96A8-E9505908EEF5}.Mac|Mixed Platforms.ActiveCfg = Release|Any CPU
		{6B8797AC-B45C-4E2A-96A8-E9505908EEF5}.Mac|Mixed Platforms.Build.0 = Release|Any CPU
		{6B8797AC-B45C-4E2A-96A8-E9505908EEF5}.Mac|Mixed Platforms.Deploy.0 = Release|Any CPU
		{6B8797AC-B45C-4E2A-96A8-E9505908EEF5}.Mac|x86.ActiveCfg = Release|Any CPU
		{6B8797AC-B45C-4E2A-96A8-E9505908EEF5}.Nsis|Any CPU.ActiveCfg = Release|Any CPU
		{6B8797AC-B45C-4E2A-96A8-E9505908EEF5}.Nsis|Any CPU.Build.0 = Release|Any CPU
		{6B8797AC-B45C-4E2A-96A8-E9505908EEF5}.Nsis|Any CPU.Deploy.0 = Release|Any CPU
		{6B8797AC-B45C-4E2A-96A8-E9505908EEF5}.Nsis|Mixed Platforms.ActiveCfg = Release|Any CPU
		{6B8797AC-B45C-4E2A-96A8-E9505908EEF5}.Nsis|Mixed Platforms.Build.0 = Release|Any CPU
		{6B8797AC-B45C-4E2A-96A8-E9505908EEF5}.Nsis|Mixed Platforms.Deploy.0 = Release|Any CPU
		{6B8797AC-B45C-4E2A-96A8-E9505908EEF5}.Nsis|x86.ActiveCfg = Release|Any CPU
		{6B8797AC-B45C-4E2A-96A8-E9505908EEF5}.Release|Any CPU.ActiveCfg = Release|Any CPU
		{6B8797AC-B45C-4E2A-96A8-E9505908EEF5}.Release|Any CPU.Build.0 = Release|Any CPU
		{6B8797AC-B45C-4E2A-96A8-E9505908EEF5}.Release|Any CPU.Deploy.0 = Release|Any CPU
		{6B8797AC-B45C-4E2A-96A8-E9505908EEF5}.Release|Mixed Platforms.ActiveCfg = Release|Any CPU
		{6B8797AC-B45C-4E2A-96A8-E9505908EEF5}.Release|Mixed Platforms.Build.0 = Release|Any CPU
		{6B8797AC-B45C-4E2A-96A8-E9505908EEF5}.Release|Mixed Platforms.Deploy.0 = Release|Any CPU
		{6B8797AC-B45C-4E2A-96A8-E9505908EEF5}.Release|x86.ActiveCfg = Release|Any CPU
		{6B8797AC-B45C-4E2A-96A8-E9505908EEF5}.Windows|Any CPU.ActiveCfg = Release|Any CPU
		{6B8797AC-B45C-4E2A-96A8-E9505908EEF5}.Windows|Any CPU.Build.0 = Release|Any CPU
		{6B8797AC-B45C-4E2A-96A8-E9505908EEF5}.Windows|Any CPU.Deploy.0 = Release|Any CPU
		{6B8797AC-B45C-4E2A-96A8-E9505908EEF5}.Windows|Mixed Platforms.ActiveCfg = Release|Any CPU
		{6B8797AC-B45C-4E2A-96A8-E9505908EEF5}.Windows|Mixed Platforms.Build.0 = Release|Any CPU
		{6B8797AC-B45C-4E2A-96A8-E9505908EEF5}.Windows|Mixed Platforms.Deploy.0 = Release|Any CPU
		{6B8797AC-B45C-4E2A-96A8-E9505908EEF5}.Windows|x86.ActiveCfg = Release|Any CPU
		{6B8797AC-B45C-4E2A-96A8-E9505908EEF5}.Windows8|Any CPU.ActiveCfg = Release|Any CPU
		{6B8797AC-B45C-4E2A-96A8-E9505908EEF5}.Windows8|Any CPU.Build.0 = Release|Any CPU
		{6B8797AC-B45C-4E2A-96A8-E9505908EEF5}.Windows8|Any CPU.Deploy.0 = Release|Any CPU
		{6B8797AC-B45C-4E2A-96A8-E9505908EEF5}.Windows8|Mixed Platforms.ActiveCfg = Release|Any CPU
		{6B8797AC-B45C-4E2A-96A8-E9505908EEF5}.Windows8|Mixed Platforms.Build.0 = Release|Any CPU
		{6B8797AC-B45C-4E2A-96A8-E9505908EEF5}.Windows8|Mixed Platforms.Deploy.0 = Release|Any CPU
		{6B8797AC-B45C-4E2A-96A8-E9505908EEF5}.Windows8|x86.ActiveCfg = Release|Any CPU
		{DD08D5F1-DE83-41C1-B599-76DC604643EB}.Android|Any CPU.ActiveCfg = Release|Any CPU
		{DD08D5F1-DE83-41C1-B599-76DC604643EB}.Android|Any CPU.Build.0 = Release|Any CPU
		{DD08D5F1-DE83-41C1-B599-76DC604643EB}.Android|Any CPU.Deploy.0 = Release|Any CPU
		{DD08D5F1-DE83-41C1-B599-76DC604643EB}.Android|Mixed Platforms.ActiveCfg = Release|Any CPU
		{DD08D5F1-DE83-41C1-B599-76DC604643EB}.Android|Mixed Platforms.Build.0 = Release|Any CPU
		{DD08D5F1-DE83-41C1-B599-76DC604643EB}.Android|Mixed Platforms.Deploy.0 = Release|Any CPU
		{DD08D5F1-DE83-41C1-B599-76DC604643EB}.Android|x86.ActiveCfg = Release|Any CPU
		{DD08D5F1-DE83-41C1-B599-76DC604643EB}.Debug Android|Any CPU.ActiveCfg = Debug|Any CPU
		{DD08D5F1-DE83-41C1-B599-76DC604643EB}.Debug Android|Any CPU.Build.0 = Debug|Any CPU
		{DD08D5F1-DE83-41C1-B599-76DC604643EB}.Debug Android|Any CPU.Deploy.0 = Debug|Any CPU
		{DD08D5F1-DE83-41C1-B599-76DC604643EB}.Debug Android|Mixed Platforms.ActiveCfg = Debug|Any CPU
		{DD08D5F1-DE83-41C1-B599-76DC604643EB}.Debug Android|x86.ActiveCfg = Debug|Any CPU
		{DD08D5F1-DE83-41C1-B599-76DC604643EB}.Debug|Any CPU.ActiveCfg = Debug|Any CPU
		{DD08D5F1-DE83-41C1-B599-76DC604643EB}.Debug|Any CPU.Build.0 = Debug|Any CPU
		{DD08D5F1-DE83-41C1-B599-76DC604643EB}.Debug|Any CPU.Deploy.0 = Debug|Any CPU
		{DD08D5F1-DE83-41C1-B599-76DC604643EB}.Debug|Mixed Platforms.ActiveCfg = Debug|Any CPU
		{DD08D5F1-DE83-41C1-B599-76DC604643EB}.Debug|x86.ActiveCfg = Debug|Any CPU
		{DD08D5F1-DE83-41C1-B599-76DC604643EB}.Documentation|Any CPU.ActiveCfg = Debug|Any CPU
		{DD08D5F1-DE83-41C1-B599-76DC604643EB}.Documentation|Any CPU.Build.0 = Debug|Any CPU
		{DD08D5F1-DE83-41C1-B599-76DC604643EB}.Documentation|Any CPU.Deploy.0 = Debug|Any CPU
		{DD08D5F1-DE83-41C1-B599-76DC604643EB}.Documentation|Mixed Platforms.ActiveCfg = Debug|Any CPU
		{DD08D5F1-DE83-41C1-B599-76DC604643EB}.Documentation|Mixed Platforms.Build.0 = Debug|Any CPU
		{DD08D5F1-DE83-41C1-B599-76DC604643EB}.Documentation|Mixed Platforms.Deploy.0 = Debug|Any CPU
		{DD08D5F1-DE83-41C1-B599-76DC604643EB}.Documentation|x86.ActiveCfg = Debug|Any CPU
		{DD08D5F1-DE83-41C1-B599-76DC604643EB}.iOS|Any CPU.ActiveCfg = Release|Any CPU
		{DD08D5F1-DE83-41C1-B599-76DC604643EB}.iOS|Any CPU.Build.0 = Release|Any CPU
		{DD08D5F1-DE83-41C1-B599-76DC604643EB}.iOS|Any CPU.Deploy.0 = Release|Any CPU
		{DD08D5F1-DE83-41C1-B599-76DC604643EB}.iOS|Mixed Platforms.ActiveCfg = Release|Any CPU
		{DD08D5F1-DE83-41C1-B599-76DC604643EB}.iOS|Mixed Platforms.Build.0 = Release|Any CPU
		{DD08D5F1-DE83-41C1-B599-76DC604643EB}.iOS|Mixed Platforms.Deploy.0 = Release|Any CPU
		{DD08D5F1-DE83-41C1-B599-76DC604643EB}.iOS|x86.ActiveCfg = Release|Any CPU
		{DD08D5F1-DE83-41C1-B599-76DC604643EB}.Linux|Any CPU.ActiveCfg = Release|Any CPU
		{DD08D5F1-DE83-41C1-B599-76DC604643EB}.Linux|Any CPU.Build.0 = Release|Any CPU
		{DD08D5F1-DE83-41C1-B599-76DC604643EB}.Linux|Any CPU.Deploy.0 = Release|Any CPU
		{DD08D5F1-DE83-41C1-B599-76DC604643EB}.Linux|Mixed Platforms.ActiveCfg = Release|Any CPU
		{DD08D5F1-DE83-41C1-B599-76DC604643EB}.Linux|Mixed Platforms.Build.0 = Release|Any CPU
		{DD08D5F1-DE83-41C1-B599-76DC604643EB}.Linux|Mixed Platforms.Deploy.0 = Release|Any CPU
		{DD08D5F1-DE83-41C1-B599-76DC604643EB}.Linux|x86.ActiveCfg = Release|Any CPU
		{DD08D5F1-DE83-41C1-B599-76DC604643EB}.Mac|Any CPU.ActiveCfg = Release|Any CPU
		{DD08D5F1-DE83-41C1-B599-76DC604643EB}.Mac|Any CPU.Build.0 = Release|Any CPU
		{DD08D5F1-DE83-41C1-B599-76DC604643EB}.Mac|Any CPU.Deploy.0 = Release|Any CPU
		{DD08D5F1-DE83-41C1-B599-76DC604643EB}.Mac|Mixed Platforms.ActiveCfg = Release|Any CPU
		{DD08D5F1-DE83-41C1-B599-76DC604643EB}.Mac|Mixed Platforms.Build.0 = Release|Any CPU
		{DD08D5F1-DE83-41C1-B599-76DC604643EB}.Mac|Mixed Platforms.Deploy.0 = Release|Any CPU
		{DD08D5F1-DE83-41C1-B599-76DC604643EB}.Mac|x86.ActiveCfg = Release|Any CPU
		{DD08D5F1-DE83-41C1-B599-76DC604643EB}.Nsis|Any CPU.ActiveCfg = Release|Any CPU
		{DD08D5F1-DE83-41C1-B599-76DC604643EB}.Nsis|Any CPU.Build.0 = Release|Any CPU
		{DD08D5F1-DE83-41C1-B599-76DC604643EB}.Nsis|Any CPU.Deploy.0 = Release|Any CPU
		{DD08D5F1-DE83-41C1-B599-76DC604643EB}.Nsis|Mixed Platforms.ActiveCfg = Release|Any CPU
		{DD08D5F1-DE83-41C1-B599-76DC604643EB}.Nsis|Mixed Platforms.Build.0 = Release|Any CPU
		{DD08D5F1-DE83-41C1-B599-76DC604643EB}.Nsis|Mixed Platforms.Deploy.0 = Release|Any CPU
		{DD08D5F1-DE83-41C1-B599-76DC604643EB}.Nsis|x86.ActiveCfg = Release|Any CPU
		{DD08D5F1-DE83-41C1-B599-76DC604643EB}.Release|Any CPU.ActiveCfg = Release|Any CPU
		{DD08D5F1-DE83-41C1-B599-76DC604643EB}.Release|Any CPU.Build.0 = Release|Any CPU
		{DD08D5F1-DE83-41C1-B599-76DC604643EB}.Release|Any CPU.Deploy.0 = Release|Any CPU
		{DD08D5F1-DE83-41C1-B599-76DC604643EB}.Release|Mixed Platforms.ActiveCfg = Release|Any CPU
		{DD08D5F1-DE83-41C1-B599-76DC604643EB}.Release|Mixed Platforms.Build.0 = Release|Any CPU
		{DD08D5F1-DE83-41C1-B599-76DC604643EB}.Release|Mixed Platforms.Deploy.0 = Release|Any CPU
		{DD08D5F1-DE83-41C1-B599-76DC604643EB}.Release|x86.ActiveCfg = Release|Any CPU
		{DD08D5F1-DE83-41C1-B599-76DC604643EB}.Windows|Any CPU.ActiveCfg = Release|Any CPU
		{DD08D5F1-DE83-41C1-B599-76DC604643EB}.Windows|Any CPU.Build.0 = Release|Any CPU
		{DD08D5F1-DE83-41C1-B599-76DC604643EB}.Windows|Any CPU.Deploy.0 = Release|Any CPU
		{DD08D5F1-DE83-41C1-B599-76DC604643EB}.Windows|Mixed Platforms.ActiveCfg = Release|Any CPU
		{DD08D5F1-DE83-41C1-B599-76DC604643EB}.Windows|Mixed Platforms.Build.0 = Release|Any CPU
		{DD08D5F1-DE83-41C1-B599-76DC604643EB}.Windows|Mixed Platforms.Deploy.0 = Release|Any CPU
		{DD08D5F1-DE83-41C1-B599-76DC604643EB}.Windows|x86.ActiveCfg = Release|Any CPU
		{DD08D5F1-DE83-41C1-B599-76DC604643EB}.Windows8|Any CPU.ActiveCfg = Release|Any CPU
		{DD08D5F1-DE83-41C1-B599-76DC604643EB}.Windows8|Any CPU.Build.0 = Release|Any CPU
		{DD08D5F1-DE83-41C1-B599-76DC604643EB}.Windows8|Any CPU.Deploy.0 = Release|Any CPU
		{DD08D5F1-DE83-41C1-B599-76DC604643EB}.Windows8|Mixed Platforms.ActiveCfg = Release|Any CPU
		{DD08D5F1-DE83-41C1-B599-76DC604643EB}.Windows8|Mixed Platforms.Build.0 = Release|Any CPU
		{DD08D5F1-DE83-41C1-B599-76DC604643EB}.Windows8|Mixed Platforms.Deploy.0 = Release|Any CPU
		{DD08D5F1-DE83-41C1-B599-76DC604643EB}.Windows8|x86.ActiveCfg = Release|Any CPU
	EndGlobalSection
	GlobalSection(SolutionProperties) = preSolution
		HideSolutionNode = FALSE
	EndGlobalSection
	GlobalSection(NestedProjects) = preSolution
		{5333C02B-E337-4D4D-99CB-9F66731FAC7A} = {5A6B96BB-B333-4761-AA3C-AF39DB386633}
		{CC55C016-4688-4C4C-BE8B-03B72A17EC02} = {5A6B96BB-B333-4761-AA3C-AF39DB386633}
		{3BFC697C-2777-4914-BA25-237118DAF7BF} = {5A6B96BB-B333-4761-AA3C-AF39DB386633}
		{6B8797AC-B45C-4E2A-96A8-E9505908EEF5} = {5A6B96BB-B333-4761-AA3C-AF39DB386633}
		{23A3F039-AAB1-4931-8F0D-1EF0F01888C2} = {48F69566-88EE-4A0F-A163-9B1FB7FAB4CB}
		{C526C5F0-6561-4CDF-91FF-0D92FD79421F} = {48F69566-88EE-4A0F-A163-9B1FB7FAB4CB}
		{98AF19D9-991E-40BC-A060-98A916A3F2CD} = {48F69566-88EE-4A0F-A163-9B1FB7FAB4CB}
		{BEC9132E-D106-4B17-A88D-C3039CD96C5D} = {C4A323B2-2AD1-419A-9BF8-A578DC25095B}
		{BA9476CF-99BA-4D03-92F2-73D2C5E58883} = {C4A323B2-2AD1-419A-9BF8-A578DC25095B}
		{565129E0-4EE5-4F6F-B403-C3484C9740BE} = {C4A323B2-2AD1-419A-9BF8-A578DC25095B}
		{AB28898F-9936-4553-A83B-EF3072D1DA63} = {C4A323B2-2AD1-419A-9BF8-A578DC25095B}
		{3C11F1C2-77C6-4F7B-A574-BF672973D77B} = {C4A323B2-2AD1-419A-9BF8-A578DC25095B}
		{DD08D5F1-DE83-41C1-B599-76DC604643EB} = {8DAB1D5C-9A2F-4E8B-9187-7EC01C02BCC4}
	EndGlobalSection
EndGlobal
