
Microsoft Visual Studio Solution File, Format Version 12.00
# Visual Studio 2012
Project("{2150E333-8FDC-42A3-9474-1A3956D46DE8}") = "Platforms", "Platforms", "{5A6B96BB-B333-4761-AA3C-AF39DB386633}"
EndProject
Project("{2150E333-8FDC-42A3-9474-1A3956D46DE8}") = "KamGame.Windows", "KamGame.Windows", "{48F69566-88EE-4A0F-A163-9B1FB7FAB4CB}"
EndProject
Project("{FAE04EC0-301F-11D3-BF4B-00C04F79EFBC}") = "KamGame.Utilites", "..\..\MonoGame 1.0\KamGame.Utilites\KamGame.Utilites.csproj", "{23A3F039-AAB1-4931-8F0D-1EF0F01888C2}"
EndProject
Project("{FAE04EC0-301F-11D3-BF4B-00C04F79EFBC}") = "KamGame.Engine", "..\..\MonoGame 1.0\KamGame.Engine\KamGame.Engine.csproj", "{C526C5F0-6561-4CDF-91FF-0D92FD79421F}"
EndProject
Project("{FAE04EC0-301F-11D3-BF4B-00C04F79EFBC}") = "KamGame.Utilites.Android", "..\..\MonoGame 1.0\KamGame.Utilites\KamGame.Utilites.Android.csproj", "{3C11F1C2-77C6-4F7B-A574-BF672973D77B}"
EndProject
Project("{FAE04EC0-301F-11D3-BF4B-00C04F79EFBC}") = "KamGame.Engine.Android", "..\..\MonoGame 1.0\KamGame.Engine\KamGame.Engine.Android.csproj", "{BEC9132E-D106-4B17-A88D-C3039CD96C5D}"
EndProject
Project("{FAE04EC0-301F-11D3-BF4B-00C04F79EFBC}") = "MonoGame.Framework.Android", "..\..\MonoGame\MonoGame.Framework\MonoGame.Framework.Android.csproj", "{BA9476CF-99BA-4D03-92F2-73D2C5E58883}"
EndProject
Project("{FAE04EC0-301F-11D3-BF4B-00C04F79EFBC}") = "Content", "FallenLeaves.Content\Content.contentproj", "{5333C02B-E337-4D4D-99CB-9F66731FAC7A}"
EndProject
Project("{FAE04EC0-301F-11D3-BF4B-00C04F79EFBC}") = "ContentBuilder", "FallenLeaves.ContentBuilder\ContentBuilder.csproj", "{CC55C016-4688-4C4C-BE8B-03B72A17EC02}"
EndProject
Project("{FAE04EC0-301F-11D3-BF4B-00C04F79EFBC}") = "KamGame.Wallpapers", "..\..\MonoGame 1.0\KamGame.Wallpapers\KamGame.Wallpapers.csproj", "{98AF19D9-991E-40BC-A060-98A916A3F2CD}"
EndProject
Project("{FAE04EC0-301F-11D3-BF4B-00C04F79EFBC}") = "FallenLeaves.Windows", "FallenLeaves.Windows\FallenLeaves.Windows.csproj", "{3BFC697C-2777-4914-BA25-237118DAF7BF}"
EndProject
Project("{FAE04EC0-301F-11D3-BF4B-00C04F79EFBC}") = "Lidgren.Network.Android", "..\..\MonoGame\ThirdParty\Lidgren.Network\Lidgren.Network.Android.csproj", "{565129E0-4EE5-4F6F-B403-C3484C9740BE}"
EndProject
Project("{FAE04EC0-301F-11D3-BF4B-00C04F79EFBC}") = "KamGame.Wallpapers.Android", "..\..\MonoGame 1.0\KamGame.Wallpapers\KamGame.Wallpapers.Android.csproj", "{AB28898F-9936-4553-A83B-EF3072D1DA63}"
EndProject
Project("{2150E333-8FDC-42A3-9474-1A3956D46DE8}") = "KamGame.Android", "KamGame.Android", "{C4A323B2-2AD1-419A-9BF8-A578DC25095B}"
EndProject
Project("{FAE04EC0-301F-11D3-BF4B-00C04F79EFBC}") = "MonoGame.Samples.AdMob.Android", "D:\MonoGame\MonoGame-Samples-master\AdMob\MonoGame.Samples.AdMob.Android.csproj", "{DD08D5F1-DE83-41C1-B599-76DC604643EB}"
EndProject
Project("{2150E333-8FDC-42A3-9474-1A3956D46DE8}") = "Poligon", "Poligon", "{8DAB1D5C-9A2F-4E8B-9187-7EC01C02BCC4}"
EndProject
Project("{FAE04EC0-301F-11D3-BF4B-00C04F79EFBC}") = "FallenLeaves.Patterns", "FallenLeaves.Patterns\FallenLeaves.Patterns.csproj", "{C262027A-C4DF-406B-9379-69D839390897}"
EndProject
Project("{FAE04EC0-301F-11D3-BF4B-00C04F79EFBC}") = "FallenLeaves.Patterns.Android", "FallenLeaves.Patterns.Android\FallenLeaves.Patterns.Android.csproj", "{2AE2C396-0FBF-4059-9BE8-840FC37FDA31}"
EndProject
Project("{FAE04EC0-301F-11D3-BF4B-00C04F79EFBC}") = "FallenLeaves.Android", "FallenLeaves.Android\FallenLeaves.Android.csproj", "{6AA760E7-67F7-45E4-B334-171E8C19068A}"
EndProject
Project("{2150E333-8FDC-42A3-9474-1A3956D46DE8}") = "Android", "Android", "{D9BBF543-2565-4D0B-9D91-B085A3B980AA}"
EndProject
Project("{2150E333-8FDC-42A3-9474-1A3956D46DE8}") = "Windows", "Windows", "{962BE9C3-9433-4B89-877A-5606ACC6CDE5}"
EndProject
Project("{FAE04EC0-301F-11D3-BF4B-00C04F79EFBC}") = "FallenLeaves.Android.Free", "FallenLeaves.Android.Free\FallenLeaves.Android.Free.csproj", "{6B8797AC-B45C-4E2A-96A8-E9505908EEF5}"
EndProject
Project("{FAE04EC0-301F-11D3-BF4B-00C04F79EFBC}") = "FallenLeaves.Windows.XLarge", "FallenLeaves.Windows\FallenLeaves.Windows.XLarge.csproj", "{43BEA13F-2F35-4F2E-AC69-CB75B903A713}"
EndProject
Global
	GlobalSection(SolutionConfigurationPlatforms) = preSolution
		Android Free|Any CPU = Android Free|Any CPU
		Android Free|Mixed Platforms = Android Free|Mixed Platforms
		Android Free|x86 = Android Free|x86
		Android|Any CPU = Android|Any CPU
		Android|Mixed Platforms = Android|Mixed Platforms
		Android|x86 = Android|x86
		Debug Android|Any CPU = Debug Android|Any CPU
		Debug Android|Mixed Platforms = Debug Android|Mixed Platforms
		Debug Android|x86 = Debug Android|x86
		Debug|Any CPU = Debug|Any CPU
		Debug|Mixed Platforms = Debug|Mixed Platforms
		Debug|x86 = Debug|x86
		Release|Any CPU = Release|Any CPU
		Release|Mixed Platforms = Release|Mixed Platforms
		Release|x86 = Release|x86
		Windows|Any CPU = Windows|Any CPU
		Windows|Mixed Platforms = Windows|Mixed Platforms
		Windows|x86 = Windows|x86
	EndGlobalSection
	GlobalSection(ProjectConfigurationPlatforms) = postSolution
		{23A3F039-AAB1-4931-8F0D-1EF0F01888C2}.Android Free|Any CPU.ActiveCfg = Release|Any CPU
		{23A3F039-AAB1-4931-8F0D-1EF0F01888C2}.Android Free|Mixed Platforms.ActiveCfg = Release|Any CPU
		{23A3F039-AAB1-4931-8F0D-1EF0F01888C2}.Android Free|x86.ActiveCfg = Release|Any CPU
		{23A3F039-AAB1-4931-8F0D-1EF0F01888C2}.Android|Any CPU.ActiveCfg = Release|Any CPU
		{23A3F039-AAB1-4931-8F0D-1EF0F01888C2}.Android|Mixed Platforms.ActiveCfg = Release|Any CPU
		{23A3F039-AAB1-4931-8F0D-1EF0F01888C2}.Android|x86.ActiveCfg = Release|Any CPU
		{23A3F039-AAB1-4931-8F0D-1EF0F01888C2}.Debug Android|Any CPU.ActiveCfg = Debug|Any CPU
		{23A3F039-AAB1-4931-8F0D-1EF0F01888C2}.Debug Android|Mixed Platforms.ActiveCfg = Debug|Any CPU
		{23A3F039-AAB1-4931-8F0D-1EF0F01888C2}.Debug Android|x86.ActiveCfg = Debug|Any CPU
		{23A3F039-AAB1-4931-8F0D-1EF0F01888C2}.Debug|Any CPU.ActiveCfg = Debug|Any CPU
		{23A3F039-AAB1-4931-8F0D-1EF0F01888C2}.Debug|Any CPU.Build.0 = Debug|Any CPU
		{23A3F039-AAB1-4931-8F0D-1EF0F01888C2}.Debug|Mixed Platforms.ActiveCfg = Debug|Any CPU
		{23A3F039-AAB1-4931-8F0D-1EF0F01888C2}.Debug|Mixed Platforms.Build.0 = Debug|Any CPU
		{23A3F039-AAB1-4931-8F0D-1EF0F01888C2}.Debug|x86.ActiveCfg = Debug|Any CPU
		{23A3F039-AAB1-4931-8F0D-1EF0F01888C2}.Release|Any CPU.ActiveCfg = Release|Any CPU
		{23A3F039-AAB1-4931-8F0D-1EF0F01888C2}.Release|Any CPU.Build.0 = Release|Any CPU
		{23A3F039-AAB1-4931-8F0D-1EF0F01888C2}.Release|Mixed Platforms.ActiveCfg = Release|Any CPU
		{23A3F039-AAB1-4931-8F0D-1EF0F01888C2}.Release|Mixed Platforms.Build.0 = Release|Any CPU
		{23A3F039-AAB1-4931-8F0D-1EF0F01888C2}.Release|x86.ActiveCfg = Release|Any CPU
		{23A3F039-AAB1-4931-8F0D-1EF0F01888C2}.Windows|Any CPU.ActiveCfg = Release|Any CPU
		{23A3F039-AAB1-4931-8F0D-1EF0F01888C2}.Windows|Any CPU.Build.0 = Release|Any CPU
		{23A3F039-AAB1-4931-8F0D-1EF0F01888C2}.Windows|Mixed Platforms.ActiveCfg = Release|Any CPU
		{23A3F039-AAB1-4931-8F0D-1EF0F01888C2}.Windows|Mixed Platforms.Build.0 = Release|Any CPU
		{23A3F039-AAB1-4931-8F0D-1EF0F01888C2}.Windows|x86.ActiveCfg = Release|Any CPU
		{C526C5F0-6561-4CDF-91FF-0D92FD79421F}.Android Free|Any CPU.ActiveCfg = Release|Any CPU
		{C526C5F0-6561-4CDF-91FF-0D92FD79421F}.Android Free|Mixed Platforms.ActiveCfg = Release|Any CPU
		{C526C5F0-6561-4CDF-91FF-0D92FD79421F}.Android Free|x86.ActiveCfg = Release|Any CPU
		{C526C5F0-6561-4CDF-91FF-0D92FD79421F}.Android|Any CPU.ActiveCfg = Release|Any CPU
		{C526C5F0-6561-4CDF-91FF-0D92FD79421F}.Android|Mixed Platforms.ActiveCfg = Release|Any CPU
		{C526C5F0-6561-4CDF-91FF-0D92FD79421F}.Android|x86.ActiveCfg = Release|Any CPU
		{C526C5F0-6561-4CDF-91FF-0D92FD79421F}.Debug Android|Any CPU.ActiveCfg = Debug|Any CPU
		{C526C5F0-6561-4CDF-91FF-0D92FD79421F}.Debug Android|Mixed Platforms.ActiveCfg = Debug|Any CPU
		{C526C5F0-6561-4CDF-91FF-0D92FD79421F}.Debug Android|x86.ActiveCfg = Debug|Any CPU
		{C526C5F0-6561-4CDF-91FF-0D92FD79421F}.Debug|Any CPU.ActiveCfg = Debug|Any CPU
		{C526C5F0-6561-4CDF-91FF-0D92FD79421F}.Debug|Any CPU.Build.0 = Debug|Any CPU
		{C526C5F0-6561-4CDF-91FF-0D92FD79421F}.Debug|Mixed Platforms.ActiveCfg = Debug|Any CPU
		{C526C5F0-6561-4CDF-91FF-0D92FD79421F}.Debug|Mixed Platforms.Build.0 = Debug|Any CPU
		{C526C5F0-6561-4CDF-91FF-0D92FD79421F}.Debug|x86.ActiveCfg = Debug|Any CPU
		{C526C5F0-6561-4CDF-91FF-0D92FD79421F}.Release|Any CPU.ActiveCfg = Release|Any CPU
		{C526C5F0-6561-4CDF-91FF-0D92FD79421F}.Release|Any CPU.Build.0 = Release|Any CPU
		{C526C5F0-6561-4CDF-91FF-0D92FD79421F}.Release|Mixed Platforms.ActiveCfg = Release|Any CPU
		{C526C5F0-6561-4CDF-91FF-0D92FD79421F}.Release|Mixed Platforms.Build.0 = Release|Any CPU
		{C526C5F0-6561-4CDF-91FF-0D92FD79421F}.Release|x86.ActiveCfg = Release|Any CPU
		{C526C5F0-6561-4CDF-91FF-0D92FD79421F}.Windows|Any CPU.ActiveCfg = Release|Any CPU
		{C526C5F0-6561-4CDF-91FF-0D92FD79421F}.Windows|Any CPU.Build.0 = Release|Any CPU
		{C526C5F0-6561-4CDF-91FF-0D92FD79421F}.Windows|Mixed Platforms.ActiveCfg = Release|Any CPU
		{C526C5F0-6561-4CDF-91FF-0D92FD79421F}.Windows|Mixed Platforms.Build.0 = Release|Any CPU
		{C526C5F0-6561-4CDF-91FF-0D92FD79421F}.Windows|x86.ActiveCfg = Release|Any CPU
		{3C11F1C2-77C6-4F7B-A574-BF672973D77B}.Android Free|Any CPU.ActiveCfg = Release|Any CPU
		{3C11F1C2-77C6-4F7B-A574-BF672973D77B}.Android Free|Any CPU.Build.0 = Release|Any CPU
		{3C11F1C2-77C6-4F7B-A574-BF672973D77B}.Android Free|Mixed Platforms.ActiveCfg = Release|Any CPU
		{3C11F1C2-77C6-4F7B-A574-BF672973D77B}.Android Free|Mixed Platforms.Build.0 = Release|Any CPU
		{3C11F1C2-77C6-4F7B-A574-BF672973D77B}.Android Free|x86.ActiveCfg = Release|Any CPU
		{3C11F1C2-77C6-4F7B-A574-BF672973D77B}.Android|Any CPU.ActiveCfg = Release|Any CPU
		{3C11F1C2-77C6-4F7B-A574-BF672973D77B}.Android|Any CPU.Build.0 = Release|Any CPU
		{3C11F1C2-77C6-4F7B-A574-BF672973D77B}.Android|Mixed Platforms.ActiveCfg = Release|Any CPU
		{3C11F1C2-77C6-4F7B-A574-BF672973D77B}.Android|Mixed Platforms.Build.0 = Release|Any CPU
		{3C11F1C2-77C6-4F7B-A574-BF672973D77B}.Android|x86.ActiveCfg = Release|Any CPU
		{3C11F1C2-77C6-4F7B-A574-BF672973D77B}.Debug Android|Any CPU.ActiveCfg = Debug|Any CPU
		{3C11F1C2-77C6-4F7B-A574-BF672973D77B}.Debug Android|Any CPU.Build.0 = Debug|Any CPU
		{3C11F1C2-77C6-4F7B-A574-BF672973D77B}.Debug Android|Mixed Platforms.ActiveCfg = Debug|Any CPU
		{3C11F1C2-77C6-4F7B-A574-BF672973D77B}.Debug Android|Mixed Platforms.Build.0 = Debug|Any CPU
		{3C11F1C2-77C6-4F7B-A574-BF672973D77B}.Debug Android|x86.ActiveCfg = Debug|Any CPU
		{3C11F1C2-77C6-4F7B-A574-BF672973D77B}.Debug|Any CPU.ActiveCfg = Debug|Any CPU
		{3C11F1C2-77C6-4F7B-A574-BF672973D77B}.Debug|Mixed Platforms.ActiveCfg = Debug|Any CPU
		{3C11F1C2-77C6-4F7B-A574-BF672973D77B}.Debug|x86.ActiveCfg = Debug|Any CPU
		{3C11F1C2-77C6-4F7B-A574-BF672973D77B}.Release|Any CPU.ActiveCfg = Release|Any CPU
		{3C11F1C2-77C6-4F7B-A574-BF672973D77B}.Release|Any CPU.Build.0 = Release|Any CPU
		{3C11F1C2-77C6-4F7B-A574-BF672973D77B}.Release|Mixed Platforms.ActiveCfg = Release|Any CPU
		{3C11F1C2-77C6-4F7B-A574-BF672973D77B}.Release|Mixed Platforms.Build.0 = Release|Any CPU
		{3C11F1C2-77C6-4F7B-A574-BF672973D77B}.Release|x86.ActiveCfg = Release|Any CPU
		{3C11F1C2-77C6-4F7B-A574-BF672973D77B}.Windows|Any CPU.ActiveCfg = Release|Any CPU
		{3C11F1C2-77C6-4F7B-A574-BF672973D77B}.Windows|Any CPU.Build.0 = Release|Any CPU
		{3C11F1C2-77C6-4F7B-A574-BF672973D77B}.Windows|Mixed Platforms.ActiveCfg = Release|Any CPU
		{3C11F1C2-77C6-4F7B-A574-BF672973D77B}.Windows|Mixed Platforms.Build.0 = Release|Any CPU
		{3C11F1C2-77C6-4F7B-A574-BF672973D77B}.Windows|x86.ActiveCfg = Release|Any CPU
		{BEC9132E-D106-4B17-A88D-C3039CD96C5D}.Android Free|Any CPU.ActiveCfg = Release|Any CPU
		{BEC9132E-D106-4B17-A88D-C3039CD96C5D}.Android Free|Any CPU.Build.0 = Release|Any CPU
		{BEC9132E-D106-4B17-A88D-C3039CD96C5D}.Android Free|Mixed Platforms.ActiveCfg = Release|Any CPU
		{BEC9132E-D106-4B17-A88D-C3039CD96C5D}.Android Free|Mixed Platforms.Build.0 = Release|Any CPU
		{BEC9132E-D106-4B17-A88D-C3039CD96C5D}.Android Free|x86.ActiveCfg = Release|Any CPU
		{BEC9132E-D106-4B17-A88D-C3039CD96C5D}.Android|Any CPU.ActiveCfg = Release|Any CPU
		{BEC9132E-D106-4B17-A88D-C3039CD96C5D}.Android|Any CPU.Build.0 = Release|Any CPU
		{BEC9132E-D106-4B17-A88D-C3039CD96C5D}.Android|Mixed Platforms.ActiveCfg = Release|Any CPU
		{BEC9132E-D106-4B17-A88D-C3039CD96C5D}.Android|Mixed Platforms.Build.0 = Release|Any CPU
		{BEC9132E-D106-4B17-A88D-C3039CD96C5D}.Android|x86.ActiveCfg = Release|Any CPU
		{BEC9132E-D106-4B17-A88D-C3039CD96C5D}.Debug Android|Any CPU.ActiveCfg = Debug|Any CPU
		{BEC9132E-D106-4B17-A88D-C3039CD96C5D}.Debug Android|Any CPU.Build.0 = Debug|Any CPU
		{BEC9132E-D106-4B17-A88D-C3039CD96C5D}.Debug Android|Mixed Platforms.ActiveCfg = Debug|Any CPU
		{BEC9132E-D106-4B17-A88D-C3039CD96C5D}.Debug Android|Mixed Platforms.Build.0 = Debug|Any CPU
		{BEC9132E-D106-4B17-A88D-C3039CD96C5D}.Debug Android|x86.ActiveCfg = Debug|Any CPU
		{BEC9132E-D106-4B17-A88D-C3039CD96C5D}.Debug|Any CPU.ActiveCfg = Debug|Any CPU
		{BEC9132E-D106-4B17-A88D-C3039CD96C5D}.Debug|Mixed Platforms.ActiveCfg = Debug|Any CPU
		{BEC9132E-D106-4B17-A88D-C3039CD96C5D}.Debug|x86.ActiveCfg = Debug|Any CPU
		{BEC9132E-D106-4B17-A88D-C3039CD96C5D}.Release|Any CPU.ActiveCfg = Release|Any CPU
		{BEC9132E-D106-4B17-A88D-C3039CD96C5D}.Release|Any CPU.Build.0 = Release|Any CPU
		{BEC9132E-D106-4B17-A88D-C3039CD96C5D}.Release|Mixed Platforms.ActiveCfg = Release|Any CPU
		{BEC9132E-D106-4B17-A88D-C3039CD96C5D}.Release|Mixed Platforms.Build.0 = Release|Any CPU
		{BEC9132E-D106-4B17-A88D-C3039CD96C5D}.Release|x86.ActiveCfg = Release|Any CPU
		{BEC9132E-D106-4B17-A88D-C3039CD96C5D}.Windows|Any CPU.ActiveCfg = Release|Any CPU
		{BEC9132E-D106-4B17-A88D-C3039CD96C5D}.Windows|Any CPU.Build.0 = Release|Any CPU
		{BEC9132E-D106-4B17-A88D-C3039CD96C5D}.Windows|Mixed Platforms.ActiveCfg = Release|Any CPU
		{BEC9132E-D106-4B17-A88D-C3039CD96C5D}.Windows|Mixed Platforms.Build.0 = Release|Any CPU
		{BEC9132E-D106-4B17-A88D-C3039CD96C5D}.Windows|x86.ActiveCfg = Release|Any CPU
		{BA9476CF-99BA-4D03-92F2-73D2C5E58883}.Android Free|Any CPU.ActiveCfg = Release|Any CPU
		{BA9476CF-99BA-4D03-92F2-73D2C5E58883}.Android Free|Any CPU.Build.0 = Release|Any CPU
		{BA9476CF-99BA-4D03-92F2-73D2C5E58883}.Android Free|Mixed Platforms.ActiveCfg = Release|Any CPU
		{BA9476CF-99BA-4D03-92F2-73D2C5E58883}.Android Free|Mixed Platforms.Build.0 = Release|Any CPU
		{BA9476CF-99BA-4D03-92F2-73D2C5E58883}.Android Free|x86.ActiveCfg = Release|Any CPU
		{BA9476CF-99BA-4D03-92F2-73D2C5E58883}.Android|Any CPU.ActiveCfg = Release|Any CPU
		{BA9476CF-99BA-4D03-92F2-73D2C5E58883}.Android|Any CPU.Build.0 = Release|Any CPU
		{BA9476CF-99BA-4D03-92F2-73D2C5E58883}.Android|Mixed Platforms.ActiveCfg = Release|Any CPU
		{BA9476CF-99BA-4D03-92F2-73D2C5E58883}.Android|Mixed Platforms.Build.0 = Release|Any CPU
		{BA9476CF-99BA-4D03-92F2-73D2C5E58883}.Android|x86.ActiveCfg = Release|Any CPU
		{BA9476CF-99BA-4D03-92F2-73D2C5E58883}.Debug Android|Any CPU.ActiveCfg = Debug|Any CPU
		{BA9476CF-99BA-4D03-92F2-73D2C5E58883}.Debug Android|Any CPU.Build.0 = Debug|Any CPU
		{BA9476CF-99BA-4D03-92F2-73D2C5E58883}.Debug Android|Mixed Platforms.ActiveCfg = Debug|Any CPU
		{BA9476CF-99BA-4D03-92F2-73D2C5E58883}.Debug Android|Mixed Platforms.Build.0 = Debug|Any CPU
		{BA9476CF-99BA-4D03-92F2-73D2C5E58883}.Debug Android|x86.ActiveCfg = Debug|Any CPU
		{BA9476CF-99BA-4D03-92F2-73D2C5E58883}.Debug|Any CPU.ActiveCfg = Debug|Any CPU
		{BA9476CF-99BA-4D03-92F2-73D2C5E58883}.Debug|Mixed Platforms.ActiveCfg = Debug|Any CPU
		{BA9476CF-99BA-4D03-92F2-73D2C5E58883}.Debug|x86.ActiveCfg = Debug|Any CPU
		{BA9476CF-99BA-4D03-92F2-73D2C5E58883}.Release|Any CPU.ActiveCfg = Release|Any CPU
		{BA9476CF-99BA-4D03-92F2-73D2C5E58883}.Release|Any CPU.Build.0 = Release|Any CPU
		{BA9476CF-99BA-4D03-92F2-73D2C5E58883}.Release|Mixed Platforms.ActiveCfg = Release|Any CPU
		{BA9476CF-99BA-4D03-92F2-73D2C5E58883}.Release|Mixed Platforms.Build.0 = Release|Any CPU
		{BA9476CF-99BA-4D03-92F2-73D2C5E58883}.Release|x86.ActiveCfg = Release|Any CPU
		{BA9476CF-99BA-4D03-92F2-73D2C5E58883}.Windows|Any CPU.ActiveCfg = Release|Any CPU
		{BA9476CF-99BA-4D03-92F2-73D2C5E58883}.Windows|Any CPU.Build.0 = Release|Any CPU
		{BA9476CF-99BA-4D03-92F2-73D2C5E58883}.Windows|Mixed Platforms.ActiveCfg = Release|Any CPU
		{BA9476CF-99BA-4D03-92F2-73D2C5E58883}.Windows|Mixed Platforms.Build.0 = Release|Any CPU
		{BA9476CF-99BA-4D03-92F2-73D2C5E58883}.Windows|x86.ActiveCfg = Release|Any CPU
		{5333C02B-E337-4D4D-99CB-9F66731FAC7A}.Android Free|Any CPU.ActiveCfg = Release|x86
		{5333C02B-E337-4D4D-99CB-9F66731FAC7A}.Android Free|Mixed Platforms.ActiveCfg = Release|x86
		{5333C02B-E337-4D4D-99CB-9F66731FAC7A}.Android Free|x86.ActiveCfg = Release|x86
		{5333C02B-E337-4D4D-99CB-9F66731FAC7A}.Android|Any CPU.ActiveCfg = Release|x86
		{5333C02B-E337-4D4D-99CB-9F66731FAC7A}.Android|Mixed Platforms.ActiveCfg = Release|x86
		{5333C02B-E337-4D4D-99CB-9F66731FAC7A}.Android|x86.ActiveCfg = Release|x86
		{5333C02B-E337-4D4D-99CB-9F66731FAC7A}.Debug Android|Any CPU.ActiveCfg = Debug|x86
		{5333C02B-E337-4D4D-99CB-9F66731FAC7A}.Debug Android|Mixed Platforms.ActiveCfg = Debug|x86
		{5333C02B-E337-4D4D-99CB-9F66731FAC7A}.Debug Android|x86.ActiveCfg = Debug|x86
		{5333C02B-E337-4D4D-99CB-9F66731FAC7A}.Debug|Any CPU.ActiveCfg = Debug|x86
		{5333C02B-E337-4D4D-99CB-9F66731FAC7A}.Debug|Mixed Platforms.ActiveCfg = Debug|x86
		{5333C02B-E337-4D4D-99CB-9F66731FAC7A}.Debug|x86.ActiveCfg = Debug|x86
		{5333C02B-E337-4D4D-99CB-9F66731FAC7A}.Release|Any CPU.ActiveCfg = Release|x86
		{5333C02B-E337-4D4D-99CB-9F66731FAC7A}.Release|Mixed Platforms.ActiveCfg = Release|x86
		{5333C02B-E337-4D4D-99CB-9F66731FAC7A}.Release|x86.ActiveCfg = Release|x86
		{5333C02B-E337-4D4D-99CB-9F66731FAC7A}.Windows|Any CPU.ActiveCfg = Release|x86
		{5333C02B-E337-4D4D-99CB-9F66731FAC7A}.Windows|Mixed Platforms.ActiveCfg = Release|x86
		{5333C02B-E337-4D4D-99CB-9F66731FAC7A}.Windows|x86.ActiveCfg = Release|x86
		{CC55C016-4688-4C4C-BE8B-03B72A17EC02}.Android Free|Any CPU.ActiveCfg = Debug|x86
		{CC55C016-4688-4C4C-BE8B-03B72A17EC02}.Android Free|Mixed Platforms.ActiveCfg = Debug|x86
		{CC55C016-4688-4C4C-BE8B-03B72A17EC02}.Android Free|x86.ActiveCfg = Release|x86
		{CC55C016-4688-4C4C-BE8B-03B72A17EC02}.Android Free|x86.Build.0 = Release|x86
		{CC55C016-4688-4C4C-BE8B-03B72A17EC02}.Android|Any CPU.ActiveCfg = Debug|x86
		{CC55C016-4688-4C4C-BE8B-03B72A17EC02}.Android|Mixed Platforms.ActiveCfg = Debug|x86
		{CC55C016-4688-4C4C-BE8B-03B72A17EC02}.Android|x86.ActiveCfg = Release|x86
		{CC55C016-4688-4C4C-BE8B-03B72A17EC02}.Android|x86.Build.0 = Release|x86
		{CC55C016-4688-4C4C-BE8B-03B72A17EC02}.Debug Android|Any CPU.ActiveCfg = Debug|x86
		{CC55C016-4688-4C4C-BE8B-03B72A17EC02}.Debug Android|Mixed Platforms.ActiveCfg = Debug|x86
		{CC55C016-4688-4C4C-BE8B-03B72A17EC02}.Debug Android|x86.ActiveCfg = Debug|x86
		{CC55C016-4688-4C4C-BE8B-03B72A17EC02}.Debug Android|x86.Build.0 = Debug|x86
		{CC55C016-4688-4C4C-BE8B-03B72A17EC02}.Debug|Any CPU.ActiveCfg = Debug|x86
		{CC55C016-4688-4C4C-BE8B-03B72A17EC02}.Debug|Mixed Platforms.ActiveCfg = Debug|x86
		{CC55C016-4688-4C4C-BE8B-03B72A17EC02}.Debug|x86.ActiveCfg = Debug|x86
		{CC55C016-4688-4C4C-BE8B-03B72A17EC02}.Debug|x86.Build.0 = Debug|x86
		{CC55C016-4688-4C4C-BE8B-03B72A17EC02}.Release|Any CPU.ActiveCfg = Release|x86
		{CC55C016-4688-4C4C-BE8B-03B72A17EC02}.Release|Mixed Platforms.ActiveCfg = Release|x86
		{CC55C016-4688-4C4C-BE8B-03B72A17EC02}.Release|Mixed Platforms.Build.0 = Release|x86
		{CC55C016-4688-4C4C-BE8B-03B72A17EC02}.Release|x86.ActiveCfg = Release|x86
		{CC55C016-4688-4C4C-BE8B-03B72A17EC02}.Release|x86.Build.0 = Release|x86
		{CC55C016-4688-4C4C-BE8B-03B72A17EC02}.Windows|Any CPU.ActiveCfg = Release|x86
		{CC55C016-4688-4C4C-BE8B-03B72A17EC02}.Windows|Mixed Platforms.ActiveCfg = Release|x86
		{CC55C016-4688-4C4C-BE8B-03B72A17EC02}.Windows|Mixed Platforms.Build.0 = Release|x86
		{CC55C016-4688-4C4C-BE8B-03B72A17EC02}.Windows|x86.ActiveCfg = Release|x86
		{CC55C016-4688-4C4C-BE8B-03B72A17EC02}.Windows|x86.Build.0 = Release|x86
		{98AF19D9-991E-40BC-A060-98A916A3F2CD}.Android Free|Any CPU.ActiveCfg = Release|Any CPU
		{98AF19D9-991E-40BC-A060-98A916A3F2CD}.Android Free|Mixed Platforms.ActiveCfg = Release|Any CPU
		{98AF19D9-991E-40BC-A060-98A916A3F2CD}.Android Free|x86.ActiveCfg = Release|Any CPU
		{98AF19D9-991E-40BC-A060-98A916A3F2CD}.Android|Any CPU.ActiveCfg = Release|Any CPU
		{98AF19D9-991E-40BC-A060-98A916A3F2CD}.Android|Mixed Platforms.ActiveCfg = Release|Any CPU
		{98AF19D9-991E-40BC-A060-98A916A3F2CD}.Android|x86.ActiveCfg = Release|Any CPU
		{98AF19D9-991E-40BC-A060-98A916A3F2CD}.Debug Android|Any CPU.ActiveCfg = Debug|Any CPU
		{98AF19D9-991E-40BC-A060-98A916A3F2CD}.Debug Android|Mixed Platforms.ActiveCfg = Debug|Any CPU
		{98AF19D9-991E-40BC-A060-98A916A3F2CD}.Debug Android|x86.ActiveCfg = Debug|Any CPU
		{98AF19D9-991E-40BC-A060-98A916A3F2CD}.Debug|Any CPU.ActiveCfg = Debug|Any CPU
		{98AF19D9-991E-40BC-A060-98A916A3F2CD}.Debug|Any CPU.Build.0 = Debug|Any CPU
		{98AF19D9-991E-40BC-A060-98A916A3F2CD}.Debug|Mixed Platforms.ActiveCfg = Debug|Any CPU
		{98AF19D9-991E-40BC-A060-98A916A3F2CD}.Debug|Mixed Platforms.Build.0 = Debug|Any CPU
		{98AF19D9-991E-40BC-A060-98A916A3F2CD}.Debug|x86.ActiveCfg = Debug|Any CPU
		{98AF19D9-991E-40BC-A060-98A916A3F2CD}.Release|Any CPU.ActiveCfg = Release|Any CPU
		{98AF19D9-991E-40BC-A060-98A916A3F2CD}.Release|Any CPU.Build.0 = Release|Any CPU
		{98AF19D9-991E-40BC-A060-98A916A3F2CD}.Release|Mixed Platforms.ActiveCfg = Release|Any CPU
		{98AF19D9-991E-40BC-A060-98A916A3F2CD}.Release|Mixed Platforms.Build.0 = Release|Any CPU
		{98AF19D9-991E-40BC-A060-98A916A3F2CD}.Release|x86.ActiveCfg = Release|Any CPU
		{98AF19D9-991E-40BC-A060-98A916A3F2CD}.Windows|Any CPU.ActiveCfg = Release|Any CPU
		{98AF19D9-991E-40BC-A060-98A916A3F2CD}.Windows|Any CPU.Build.0 = Release|Any CPU
		{98AF19D9-991E-40BC-A060-98A916A3F2CD}.Windows|Mixed Platforms.ActiveCfg = Release|Any CPU
		{98AF19D9-991E-40BC-A060-98A916A3F2CD}.Windows|Mixed Platforms.Build.0 = Release|Any CPU
		{98AF19D9-991E-40BC-A060-98A916A3F2CD}.Windows|x86.ActiveCfg = Release|Any CPU
		{3BFC697C-2777-4914-BA25-237118DAF7BF}.Android Free|Any CPU.ActiveCfg = Release|x86
		{3BFC697C-2777-4914-BA25-237118DAF7BF}.Android Free|Mixed Platforms.ActiveCfg = Release|x86
		{3BFC697C-2777-4914-BA25-237118DAF7BF}.Android Free|x86.ActiveCfg = Release|x86
		{3BFC697C-2777-4914-BA25-237118DAF7BF}.Android Free|x86.Build.0 = Release|x86
		{3BFC697C-2777-4914-BA25-237118DAF7BF}.Android|Any CPU.ActiveCfg = Release|x86
		{3BFC697C-2777-4914-BA25-237118DAF7BF}.Android|Mixed Platforms.ActiveCfg = Release|x86
		{3BFC697C-2777-4914-BA25-237118DAF7BF}.Android|x86.ActiveCfg = Release|x86
		{3BFC697C-2777-4914-BA25-237118DAF7BF}.Android|x86.Build.0 = Release|x86
		{3BFC697C-2777-4914-BA25-237118DAF7BF}.Debug Android|Any CPU.ActiveCfg = Debug|x86
		{3BFC697C-2777-4914-BA25-237118DAF7BF}.Debug Android|Mixed Platforms.ActiveCfg = Debug|x86
		{3BFC697C-2777-4914-BA25-237118DAF7BF}.Debug Android|x86.ActiveCfg = Debug|x86
		{3BFC697C-2777-4914-BA25-237118DAF7BF}.Debug Android|x86.Build.0 = Debug|x86
		{3BFC697C-2777-4914-BA25-237118DAF7BF}.Debug|Any CPU.ActiveCfg = Debug|x86
		{3BFC697C-2777-4914-BA25-237118DAF7BF}.Debug|Any CPU.Build.0 = Debug|x86
		{3BFC697C-2777-4914-BA25-237118DAF7BF}.Debug|Mixed Platforms.ActiveCfg = Debug|x86
		{3BFC697C-2777-4914-BA25-237118DAF7BF}.Debug|Mixed Platforms.Build.0 = Debug|x86
		{3BFC697C-2777-4914-BA25-237118DAF7BF}.Debug|x86.ActiveCfg = Debug|x86
		{3BFC697C-2777-4914-BA25-237118DAF7BF}.Debug|x86.Build.0 = Debug|x86
		{3BFC697C-2777-4914-BA25-237118DAF7BF}.Release|Any CPU.ActiveCfg = Release|x86
		{3BFC697C-2777-4914-BA25-237118DAF7BF}.Release|Mixed Platforms.ActiveCfg = Release|x86
		{3BFC697C-2777-4914-BA25-237118DAF7BF}.Release|Mixed Platforms.Build.0 = Release|x86
		{3BFC697C-2777-4914-BA25-237118DAF7BF}.Release|x86.ActiveCfg = Release|x86
		{3BFC697C-2777-4914-BA25-237118DAF7BF}.Release|x86.Build.0 = Release|x86
		{3BFC697C-2777-4914-BA25-237118DAF7BF}.Windows|Any CPU.ActiveCfg = Release|x86
		{3BFC697C-2777-4914-BA25-237118DAF7BF}.Windows|Mixed Platforms.ActiveCfg = Release|x86
		{3BFC697C-2777-4914-BA25-237118DAF7BF}.Windows|Mixed Platforms.Build.0 = Release|x86
		{3BFC697C-2777-4914-BA25-237118DAF7BF}.Windows|x86.ActiveCfg = Release|x86
		{3BFC697C-2777-4914-BA25-237118DAF7BF}.Windows|x86.Build.0 = Release|x86
		{565129E0-4EE5-4F6F-B403-C3484C9740BE}.Android Free|Any CPU.ActiveCfg = Release|Any CPU
		{565129E0-4EE5-4F6F-B403-C3484C9740BE}.Android Free|Any CPU.Build.0 = Release|Any CPU
		{565129E0-4EE5-4F6F-B403-C3484C9740BE}.Android Free|Mixed Platforms.ActiveCfg = Release|Any CPU
		{565129E0-4EE5-4F6F-B403-C3484C9740BE}.Android Free|Mixed Platforms.Build.0 = Release|Any CPU
		{565129E0-4EE5-4F6F-B403-C3484C9740BE}.Android Free|x86.ActiveCfg = Release|Any CPU
		{565129E0-4EE5-4F6F-B403-C3484C9740BE}.Android|Any CPU.ActiveCfg = Release|Any CPU
		{565129E0-4EE5-4F6F-B403-C3484C9740BE}.Android|Any CPU.Build.0 = Release|Any CPU
		{565129E0-4EE5-4F6F-B403-C3484C9740BE}.Android|Mixed Platforms.ActiveCfg = Release|Any CPU
		{565129E0-4EE5-4F6F-B403-C3484C9740BE}.Android|Mixed Platforms.Build.0 = Release|Any CPU
		{565129E0-4EE5-4F6F-B403-C3484C9740BE}.Android|x86.ActiveCfg = Release|Any CPU
		{565129E0-4EE5-4F6F-B403-C3484C9740BE}.Debug Android|Any CPU.ActiveCfg = Debug|Any CPU
		{565129E0-4EE5-4F6F-B403-C3484C9740BE}.Debug Android|Any CPU.Build.0 = Debug|Any CPU
		{565129E0-4EE5-4F6F-B403-C3484C9740BE}.Debug Android|Mixed Platforms.ActiveCfg = Debug|Any CPU
		{565129E0-4EE5-4F6F-B403-C3484C9740BE}.Debug Android|Mixed Platforms.Build.0 = Debug|Any CPU
		{565129E0-4EE5-4F6F-B403-C3484C9740BE}.Debug Android|x86.ActiveCfg = Debug|Any CPU
		{565129E0-4EE5-4F6F-B403-C3484C9740BE}.Debug|Any CPU.ActiveCfg = Debug|Any CPU
		{565129E0-4EE5-4F6F-B403-C3484C9740BE}.Debug|Mixed Platforms.ActiveCfg = Debug|Any CPU
		{565129E0-4EE5-4F6F-B403-C3484C9740BE}.Debug|x86.ActiveCfg = Debug|Any CPU
		{565129E0-4EE5-4F6F-B403-C3484C9740BE}.Release|Any CPU.ActiveCfg = Release|Any CPU
		{565129E0-4EE5-4F6F-B403-C3484C9740BE}.Release|Any CPU.Build.0 = Release|Any CPU
		{565129E0-4EE5-4F6F-B403-C3484C9740BE}.Release|Mixed Platforms.ActiveCfg = Release|Any CPU
		{565129E0-4EE5-4F6F-B403-C3484C9740BE}.Release|Mixed Platforms.Build.0 = Release|Any CPU
		{565129E0-4EE5-4F6F-B403-C3484C9740BE}.Release|x86.ActiveCfg = Release|Any CPU
		{565129E0-4EE5-4F6F-B403-C3484C9740BE}.Windows|Any CPU.ActiveCfg = Release|Any CPU
		{565129E0-4EE5-4F6F-B403-C3484C9740BE}.Windows|Any CPU.Build.0 = Release|Any CPU
		{565129E0-4EE5-4F6F-B403-C3484C9740BE}.Windows|Mixed Platforms.ActiveCfg = Release|Any CPU
		{565129E0-4EE5-4F6F-B403-C3484C9740BE}.Windows|Mixed Platforms.Build.0 = Release|Any CPU
		{565129E0-4EE5-4F6F-B403-C3484C9740BE}.Windows|x86.ActiveCfg = Release|Any CPU
		{AB28898F-9936-4553-A83B-EF3072D1DA63}.Android Free|Any CPU.ActiveCfg = Release|Any CPU
		{AB28898F-9936-4553-A83B-EF3072D1DA63}.Android Free|Any CPU.Build.0 = Release|Any CPU
		{AB28898F-9936-4553-A83B-EF3072D1DA63}.Android Free|Mixed Platforms.ActiveCfg = Release|Any CPU
		{AB28898F-9936-4553-A83B-EF3072D1DA63}.Android Free|Mixed Platforms.Build.0 = Release|Any CPU
		{AB28898F-9936-4553-A83B-EF3072D1DA63}.Android Free|x86.ActiveCfg = Release|Any CPU
		{AB28898F-9936-4553-A83B-EF3072D1DA63}.Android|Any CPU.ActiveCfg = Release|Any CPU
		{AB28898F-9936-4553-A83B-EF3072D1DA63}.Android|Any CPU.Build.0 = Release|Any CPU
		{AB28898F-9936-4553-A83B-EF3072D1DA63}.Android|Mixed Platforms.ActiveCfg = Release|Any CPU
		{AB28898F-9936-4553-A83B-EF3072D1DA63}.Android|Mixed Platforms.Build.0 = Release|Any CPU
		{AB28898F-9936-4553-A83B-EF3072D1DA63}.Android|x86.ActiveCfg = Release|Any CPU
		{AB28898F-9936-4553-A83B-EF3072D1DA63}.Debug Android|Any CPU.ActiveCfg = Debug|Any CPU
		{AB28898F-9936-4553-A83B-EF3072D1DA63}.Debug Android|Any CPU.Build.0 = Debug|Any CPU
		{AB28898F-9936-4553-A83B-EF3072D1DA63}.Debug Android|Mixed Platforms.ActiveCfg = Debug|Any CPU
		{AB28898F-9936-4553-A83B-EF3072D1DA63}.Debug Android|Mixed Platforms.Build.0 = Debug|Any CPU
		{AB28898F-9936-4553-A83B-EF3072D1DA63}.Debug Android|x86.ActiveCfg = Debug|Any CPU
		{AB28898F-9936-4553-A83B-EF3072D1DA63}.Debug|Any CPU.ActiveCfg = Debug|Any CPU
		{AB28898F-9936-4553-A83B-EF3072D1DA63}.Debug|Mixed Platforms.ActiveCfg = Debug|Any CPU
		{AB28898F-9936-4553-A83B-EF3072D1DA63}.Debug|x86.ActiveCfg = Debug|Any CPU
		{AB28898F-9936-4553-A83B-EF3072D1DA63}.Release|Any CPU.ActiveCfg = Release|Any CPU
		{AB28898F-9936-4553-A83B-EF3072D1DA63}.Release|Any CPU.Build.0 = Release|Any CPU
		{AB28898F-9936-4553-A83B-EF3072D1DA63}.Release|Mixed Platforms.ActiveCfg = Release|Any CPU
		{AB28898F-9936-4553-A83B-EF3072D1DA63}.Release|Mixed Platforms.Build.0 = Release|Any CPU
		{AB28898F-9936-4553-A83B-EF3072D1DA63}.Release|x86.ActiveCfg = Release|Any CPU
		{AB28898F-9936-4553-A83B-EF3072D1DA63}.Windows|Any CPU.ActiveCfg = Release|Any CPU
		{AB28898F-9936-4553-A83B-EF3072D1DA63}.Windows|Any CPU.Build.0 = Release|Any CPU
		{AB28898F-9936-4553-A83B-EF3072D1DA63}.Windows|Mixed Platforms.ActiveCfg = Release|Any CPU
		{AB28898F-9936-4553-A83B-EF3072D1DA63}.Windows|Mixed Platforms.Build.0 = Release|Any CPU
		{AB28898F-9936-4553-A83B-EF3072D1DA63}.Windows|x86.ActiveCfg = Release|Any CPU
		{DD08D5F1-DE83-41C1-B599-76DC604643EB}.Android Free|Any CPU.ActiveCfg = Release|Any CPU
		{DD08D5F1-DE83-41C1-B599-76DC604643EB}.Android Free|Mixed Platforms.ActiveCfg = Release|Any CPU
		{DD08D5F1-DE83-41C1-B599-76DC604643EB}.Android Free|x86.ActiveCfg = Release|Any CPU
		{DD08D5F1-DE83-41C1-B599-76DC604643EB}.Android|Any CPU.ActiveCfg = Release|Any CPU
		{DD08D5F1-DE83-41C1-B599-76DC604643EB}.Android|Mixed Platforms.ActiveCfg = Release|Any CPU
		{DD08D5F1-DE83-41C1-B599-76DC604643EB}.Android|x86.ActiveCfg = Release|Any CPU
		{DD08D5F1-DE83-41C1-B599-76DC604643EB}.Debug Android|Any CPU.ActiveCfg = Debug|Any CPU
		{DD08D5F1-DE83-41C1-B599-76DC604643EB}.Debug Android|Mixed Platforms.ActiveCfg = Debug|Any CPU
		{DD08D5F1-DE83-41C1-B599-76DC604643EB}.Debug Android|x86.ActiveCfg = Debug|Any CPU
		{DD08D5F1-DE83-41C1-B599-76DC604643EB}.Debug|Any CPU.ActiveCfg = Debug|Any CPU
		{DD08D5F1-DE83-41C1-B599-76DC604643EB}.Debug|Mixed Platforms.ActiveCfg = Debug|Any CPU
		{DD08D5F1-DE83-41C1-B599-76DC604643EB}.Debug|x86.ActiveCfg = Debug|Any CPU
		{DD08D5F1-DE83-41C1-B599-76DC604643EB}.Release|Any CPU.ActiveCfg = Release|Any CPU
		{DD08D5F1-DE83-41C1-B599-76DC604643EB}.Release|Any CPU.Build.0 = Release|Any CPU
		{DD08D5F1-DE83-41C1-B599-76DC604643EB}.Release|Any CPU.Deploy.0 = Release|Any CPU
		{DD08D5F1-DE83-41C1-B599-76DC604643EB}.Release|Mixed Platforms.ActiveCfg = Release|Any CPU
		{DD08D5F1-DE83-41C1-B599-76DC604643EB}.Release|Mixed Platforms.Build.0 = Release|Any CPU
		{DD08D5F1-DE83-41C1-B599-76DC604643EB}.Release|Mixed Platforms.Deploy.0 = Release|Any CPU
		{DD08D5F1-DE83-41C1-B599-76DC604643EB}.Release|x86.ActiveCfg = Release|Any CPU
		{DD08D5F1-DE83-41C1-B599-76DC604643EB}.Windows|Any CPU.ActiveCfg = Release|Any CPU
		{DD08D5F1-DE83-41C1-B599-76DC604643EB}.Windows|Any CPU.Build.0 = Release|Any CPU
		{DD08D5F1-DE83-41C1-B599-76DC604643EB}.Windows|Any CPU.Deploy.0 = Release|Any CPU
		{DD08D5F1-DE83-41C1-B599-76DC604643EB}.Windows|Mixed Platforms.ActiveCfg = Release|Any CPU
		{DD08D5F1-DE83-41C1-B599-76DC604643EB}.Windows|Mixed Platforms.Build.0 = Release|Any CPU
		{DD08D5F1-DE83-41C1-B599-76DC604643EB}.Windows|Mixed Platforms.Deploy.0 = Release|Any CPU
		{DD08D5F1-DE83-41C1-B599-76DC604643EB}.Windows|x86.ActiveCfg = Release|Any CPU
		{C262027A-C4DF-406B-9379-69D839390897}.Android Free|Any CPU.ActiveCfg = Release|Any CPU
		{C262027A-C4DF-406B-9379-69D839390897}.Android Free|Mixed Platforms.ActiveCfg = Release|Any CPU
		{C262027A-C4DF-406B-9379-69D839390897}.Android Free|x86.ActiveCfg = Release|Any CPU
		{C262027A-C4DF-406B-9379-69D839390897}.Android|Any CPU.ActiveCfg = Release|Any CPU
		{C262027A-C4DF-406B-9379-69D839390897}.Android|Mixed Platforms.ActiveCfg = Release|Any CPU
		{C262027A-C4DF-406B-9379-69D839390897}.Android|x86.ActiveCfg = Release|Any CPU
		{C262027A-C4DF-406B-9379-69D839390897}.Debug Android|Any CPU.ActiveCfg = Debug|Any CPU
		{C262027A-C4DF-406B-9379-69D839390897}.Debug Android|Mixed Platforms.ActiveCfg = Debug|Any CPU
		{C262027A-C4DF-406B-9379-69D839390897}.Debug Android|x86.ActiveCfg = Debug|Any CPU
		{C262027A-C4DF-406B-9379-69D839390897}.Debug|Any CPU.ActiveCfg = Debug|Any CPU
		{C262027A-C4DF-406B-9379-69D839390897}.Debug|Any CPU.Build.0 = Debug|Any CPU
		{C262027A-C4DF-406B-9379-69D839390897}.Debug|Mixed Platforms.ActiveCfg = Debug|Any CPU
		{C262027A-C4DF-406B-9379-69D839390897}.Debug|Mixed Platforms.Build.0 = Debug|Any CPU
		{C262027A-C4DF-406B-9379-69D839390897}.Debug|x86.ActiveCfg = Debug|Any CPU
		{C262027A-C4DF-406B-9379-69D839390897}.Release|Any CPU.ActiveCfg = Release|Any CPU
		{C262027A-C4DF-406B-9379-69D839390897}.Release|Any CPU.Build.0 = Release|Any CPU
		{C262027A-C4DF-406B-9379-69D839390897}.Release|Mixed Platforms.ActiveCfg = Release|Any CPU
		{C262027A-C4DF-406B-9379-69D839390897}.Release|Mixed Platforms.Build.0 = Release|Any CPU
		{C262027A-C4DF-406B-9379-69D839390897}.Release|x86.ActiveCfg = Release|Any CPU
		{C262027A-C4DF-406B-9379-69D839390897}.Windows|Any CPU.ActiveCfg = Release|Any CPU
		{C262027A-C4DF-406B-9379-69D839390897}.Windows|Any CPU.Build.0 = Release|Any CPU
		{C262027A-C4DF-406B-9379-69D839390897}.Windows|Mixed Platforms.ActiveCfg = Release|Any CPU
		{C262027A-C4DF-406B-9379-69D839390897}.Windows|Mixed Platforms.Build.0 = Release|Any CPU
		{C262027A-C4DF-406B-9379-69D839390897}.Windows|x86.ActiveCfg = Release|Any CPU
		{2AE2C396-0FBF-4059-9BE8-840FC37FDA31}.Android Free|Any CPU.ActiveCfg = Release|Any CPU
		{2AE2C396-0FBF-4059-9BE8-840FC37FDA31}.Android Free|Any CPU.Build.0 = Release|Any CPU
		{2AE2C396-0FBF-4059-9BE8-840FC37FDA31}.Android Free|Mixed Platforms.ActiveCfg = Release|Any CPU
		{2AE2C396-0FBF-4059-9BE8-840FC37FDA31}.Android Free|Mixed Platforms.Build.0 = Release|Any CPU
		{2AE2C396-0FBF-4059-9BE8-840FC37FDA31}.Android Free|x86.ActiveCfg = Release|Any CPU
		{2AE2C396-0FBF-4059-9BE8-840FC37FDA31}.Android|Any CPU.ActiveCfg = Release|Any CPU
		{2AE2C396-0FBF-4059-9BE8-840FC37FDA31}.Android|Any CPU.Build.0 = Release|Any CPU
		{2AE2C396-0FBF-4059-9BE8-840FC37FDA31}.Android|Mixed Platforms.ActiveCfg = Release|Any CPU
		{2AE2C396-0FBF-4059-9BE8-840FC37FDA31}.Android|Mixed Platforms.Build.0 = Release|Any CPU
		{2AE2C396-0FBF-4059-9BE8-840FC37FDA31}.Android|x86.ActiveCfg = Release|Any CPU
		{2AE2C396-0FBF-4059-9BE8-840FC37FDA31}.Debug Android|Any CPU.ActiveCfg = Debug|Any CPU
		{2AE2C396-0FBF-4059-9BE8-840FC37FDA31}.Debug Android|Any CPU.Build.0 = Debug|Any CPU
		{2AE2C396-0FBF-4059-9BE8-840FC37FDA31}.Debug Android|Mixed Platforms.ActiveCfg = Debug|Any CPU
		{2AE2C396-0FBF-4059-9BE8-840FC37FDA31}.Debug Android|Mixed Platforms.Build.0 = Debug|Any CPU
		{2AE2C396-0FBF-4059-9BE8-840FC37FDA31}.Debug Android|x86.ActiveCfg = Debug|Any CPU
		{2AE2C396-0FBF-4059-9BE8-840FC37FDA31}.Debug|Any CPU.ActiveCfg = Debug|Any CPU
		{2AE2C396-0FBF-4059-9BE8-840FC37FDA31}.Debug|Mixed Platforms.ActiveCfg = Debug|Any CPU
		{2AE2C396-0FBF-4059-9BE8-840FC37FDA31}.Debug|x86.ActiveCfg = Debug|Any CPU
		{2AE2C396-0FBF-4059-9BE8-840FC37FDA31}.Release|Any CPU.ActiveCfg = Release|Any CPU
		{2AE2C396-0FBF-4059-9BE8-840FC37FDA31}.Release|Any CPU.Build.0 = Release|Any CPU
		{2AE2C396-0FBF-4059-9BE8-840FC37FDA31}.Release|Mixed Platforms.ActiveCfg = Release|Any CPU
		{2AE2C396-0FBF-4059-9BE8-840FC37FDA31}.Release|Mixed Platforms.Build.0 = Release|Any CPU
		{2AE2C396-0FBF-4059-9BE8-840FC37FDA31}.Release|x86.ActiveCfg = Release|Any CPU
		{2AE2C396-0FBF-4059-9BE8-840FC37FDA31}.Windows|Any CPU.ActiveCfg = Release|Any CPU
		{2AE2C396-0FBF-4059-9BE8-840FC37FDA31}.Windows|Any CPU.Build.0 = Release|Any CPU
		{2AE2C396-0FBF-4059-9BE8-840FC37FDA31}.Windows|Mixed Platforms.ActiveCfg = Release|Any CPU
		{2AE2C396-0FBF-4059-9BE8-840FC37FDA31}.Windows|Mixed Platforms.Build.0 = Release|Any CPU
		{2AE2C396-0FBF-4059-9BE8-840FC37FDA31}.Windows|x86.ActiveCfg = Release|Any CPU
		{6AA760E7-67F7-45E4-B334-171E8C19068A}.Android Free|Any CPU.ActiveCfg = Release|Any CPU
		{6AA760E7-67F7-45E4-B334-171E8C19068A}.Android Free|Mixed Platforms.ActiveCfg = Release|Any CPU
		{6AA760E7-67F7-45E4-B334-171E8C19068A}.Android Free|x86.ActiveCfg = Release|Any CPU
		{6AA760E7-67F7-45E4-B334-171E8C19068A}.Android|Any CPU.ActiveCfg = Release|Any CPU
		{6AA760E7-67F7-45E4-B334-171E8C19068A}.Android|Any CPU.Build.0 = Release|Any CPU
		{6AA760E7-67F7-45E4-B334-171E8C19068A}.Android|Any CPU.Deploy.0 = Release|Any CPU
		{6AA760E7-67F7-45E4-B334-171E8C19068A}.Android|Mixed Platforms.ActiveCfg = Release|Any CPU
		{6AA760E7-67F7-45E4-B334-171E8C19068A}.Android|Mixed Platforms.Build.0 = Release|Any CPU
		{6AA760E7-67F7-45E4-B334-171E8C19068A}.Android|Mixed Platforms.Deploy.0 = Release|Any CPU
		{6AA760E7-67F7-45E4-B334-171E8C19068A}.Android|x86.ActiveCfg = Release|Any CPU
		{6AA760E7-67F7-45E4-B334-171E8C19068A}.Debug Android|Any CPU.ActiveCfg = Debug|Any CPU
		{6AA760E7-67F7-45E4-B334-171E8C19068A}.Debug Android|Any CPU.Build.0 = Debug|Any CPU
		{6AA760E7-67F7-45E4-B334-171E8C19068A}.Debug Android|Any CPU.Deploy.0 = Debug|Any CPU
		{6AA760E7-67F7-45E4-B334-171E8C19068A}.Debug Android|Mixed Platforms.ActiveCfg = Debug|Any CPU
		{6AA760E7-67F7-45E4-B334-171E8C19068A}.Debug Android|Mixed Platforms.Build.0 = Debug|Any CPU
		{6AA760E7-67F7-45E4-B334-171E8C19068A}.Debug Android|Mixed Platforms.Deploy.0 = Debug|Any CPU
		{6AA760E7-67F7-45E4-B334-171E8C19068A}.Debug Android|x86.ActiveCfg = Debug|Any CPU
		{6AA760E7-67F7-45E4-B334-171E8C19068A}.Debug|Any CPU.ActiveCfg = Debug|Any CPU
		{6AA760E7-67F7-45E4-B334-171E8C19068A}.Debug|Mixed Platforms.ActiveCfg = Debug|Any CPU
		{6AA760E7-67F7-45E4-B334-171E8C19068A}.Debug|x86.ActiveCfg = Debug|Any CPU
		{6AA760E7-67F7-45E4-B334-171E8C19068A}.Release|Any CPU.ActiveCfg = Release|Any CPU
		{6AA760E7-67F7-45E4-B334-171E8C19068A}.Release|Any CPU.Build.0 = Release|Any CPU
		{6AA760E7-67F7-45E4-B334-171E8C19068A}.Release|Any CPU.Deploy.0 = Release|Any CPU
		{6AA760E7-67F7-45E4-B334-171E8C19068A}.Release|Mixed Platforms.ActiveCfg = Release|Any CPU
		{6AA760E7-67F7-45E4-B334-171E8C19068A}.Release|Mixed Platforms.Build.0 = Release|Any CPU
		{6AA760E7-67F7-45E4-B334-171E8C19068A}.Release|Mixed Platforms.Deploy.0 = Release|Any CPU
		{6AA760E7-67F7-45E4-B334-171E8C19068A}.Release|x86.ActiveCfg = Release|Any CPU
		{6AA760E7-67F7-45E4-B334-171E8C19068A}.Windows|Any CPU.ActiveCfg = Release|Any CPU
		{6AA760E7-67F7-45E4-B334-171E8C19068A}.Windows|Mixed Platforms.ActiveCfg = Release|Any CPU
		{6AA760E7-67F7-45E4-B334-171E8C19068A}.Windows|Mixed Platforms.Build.0 = Release|Any CPU
		{6AA760E7-67F7-45E4-B334-171E8C19068A}.Windows|Mixed Platforms.Deploy.0 = Release|Any CPU
		{6AA760E7-67F7-45E4-B334-171E8C19068A}.Windows|x86.ActiveCfg = Release|Any CPU
		{6B8797AC-B45C-4E2A-96A8-E9505908EEF5}.Android Free|Any CPU.ActiveCfg = Release|Any CPU
		{6B8797AC-B45C-4E2A-96A8-E9505908EEF5}.Android Free|Any CPU.Build.0 = Release|Any CPU
		{6B8797AC-B45C-4E2A-96A8-E9505908EEF5}.Android Free|Any CPU.Deploy.0 = Release|Any CPU
		{6B8797AC-B45C-4E2A-96A8-E9505908EEF5}.Android Free|Mixed Platforms.ActiveCfg = Release|Any CPU
		{6B8797AC-B45C-4E2A-96A8-E9505908EEF5}.Android Free|Mixed Platforms.Build.0 = Release|Any CPU
		{6B8797AC-B45C-4E2A-96A8-E9505908EEF5}.Android Free|Mixed Platforms.Deploy.0 = Release|Any CPU
		{6B8797AC-B45C-4E2A-96A8-E9505908EEF5}.Android Free|x86.ActiveCfg = Release|Any CPU
		{6B8797AC-B45C-4E2A-96A8-E9505908EEF5}.Android|Any CPU.ActiveCfg = Release|Any CPU
		{6B8797AC-B45C-4E2A-96A8-E9505908EEF5}.Android|Mixed Platforms.ActiveCfg = Release|Any CPU
		{6B8797AC-B45C-4E2A-96A8-E9505908EEF5}.Android|Mixed Platforms.Build.0 = Release|Any CPU
		{6B8797AC-B45C-4E2A-96A8-E9505908EEF5}.Android|Mixed Platforms.Deploy.0 = Release|Any CPU
		{6B8797AC-B45C-4E2A-96A8-E9505908EEF5}.Android|x86.ActiveCfg = Release|Any CPU
		{6B8797AC-B45C-4E2A-96A8-E9505908EEF5}.Debug Android|Any CPU.ActiveCfg = Debug|Any CPU
		{6B8797AC-B45C-4E2A-96A8-E9505908EEF5}.Debug Android|Mixed Platforms.ActiveCfg = Debug|Any CPU
		{6B8797AC-B45C-4E2A-96A8-E9505908EEF5}.Debug Android|Mixed Platforms.Build.0 = Debug|Any CPU
		{6B8797AC-B45C-4E2A-96A8-E9505908EEF5}.Debug Android|Mixed Platforms.Deploy.0 = Debug|Any CPU
		{6B8797AC-B45C-4E2A-96A8-E9505908EEF5}.Debug Android|x86.ActiveCfg = Debug|Any CPU
		{6B8797AC-B45C-4E2A-96A8-E9505908EEF5}.Debug|Any CPU.ActiveCfg = Debug|Any CPU
		{6B8797AC-B45C-4E2A-96A8-E9505908EEF5}.Debug|Mixed Platforms.ActiveCfg = Debug|Any CPU
		{6B8797AC-B45C-4E2A-96A8-E9505908EEF5}.Debug|Mixed Platforms.Build.0 = Debug|Any CPU
		{6B8797AC-B45C-4E2A-96A8-E9505908EEF5}.Debug|Mixed Platforms.Deploy.0 = Debug|Any CPU
		{6B8797AC-B45C-4E2A-96A8-E9505908EEF5}.Debug|x86.ActiveCfg = Debug|Any CPU
		{6B8797AC-B45C-4E2A-96A8-E9505908EEF5}.Release|Any CPU.ActiveCfg = Release|Any CPU
		{6B8797AC-B45C-4E2A-96A8-E9505908EEF5}.Release|Any CPU.Build.0 = Release|Any CPU
		{6B8797AC-B45C-4E2A-96A8-E9505908EEF5}.Release|Any CPU.Deploy.0 = Release|Any CPU
		{6B8797AC-B45C-4E2A-96A8-E9505908EEF5}.Release|Mixed Platforms.ActiveCfg = Release|Any CPU
		{6B8797AC-B45C-4E2A-96A8-E9505908EEF5}.Release|Mixed Platforms.Build.0 = Release|Any CPU
		{6B8797AC-B45C-4E2A-96A8-E9505908EEF5}.Release|Mixed Platforms.Deploy.0 = Release|Any CPU
		{6B8797AC-B45C-4E2A-96A8-E9505908EEF5}.Release|x86.ActiveCfg = Release|Any CPU
		{6B8797AC-B45C-4E2A-96A8-E9505908EEF5}.Windows|Any CPU.ActiveCfg = Release|Any CPU
		{6B8797AC-B45C-4E2A-96A8-E9505908EEF5}.Windows|Any CPU.Build.0 = Release|Any CPU
		{6B8797AC-B45C-4E2A-96A8-E9505908EEF5}.Windows|Any CPU.Deploy.0 = Release|Any CPU
		{6B8797AC-B45C-4E2A-96A8-E9505908EEF5}.Windows|Mixed Platforms.ActiveCfg = Release|Any CPU
		{6B8797AC-B45C-4E2A-96A8-E9505908EEF5}.Windows|Mixed Platforms.Build.0 = Release|Any CPU
		{6B8797AC-B45C-4E2A-96A8-E9505908EEF5}.Windows|Mixed Platforms.Deploy.0 = Release|Any CPU
		{6B8797AC-B45C-4E2A-96A8-E9505908EEF5}.Windows|x86.ActiveCfg = Release|Any CPU
		{43BEA13F-2F35-4F2E-AC69-CB75B903A713}.Android Free|Any CPU.ActiveCfg = Release|x86
		{43BEA13F-2F35-4F2E-AC69-CB75B903A713}.Android Free|Mixed Platforms.ActiveCfg = Release|x86
		{43BEA13F-2F35-4F2E-AC69-CB75B903A713}.Android Free|Mixed Platforms.Build.0 = Release|x86
		{43BEA13F-2F35-4F2E-AC69-CB75B903A713}.Android Free|x86.ActiveCfg = Release|x86
		{43BEA13F-2F35-4F2E-AC69-CB75B903A713}.Android Free|x86.Build.0 = Release|x86
		{43BEA13F-2F35-4F2E-AC69-CB75B903A713}.Android|Any CPU.ActiveCfg = Release|x86
		{43BEA13F-2F35-4F2E-AC69-CB75B903A713}.Android|Mixed Platforms.ActiveCfg = Release|x86
		{43BEA13F-2F35-4F2E-AC69-CB75B903A713}.Android|Mixed Platforms.Build.0 = Release|x86
		{43BEA13F-2F35-4F2E-AC69-CB75B903A713}.Android|x86.ActiveCfg = Release|x86
		{43BEA13F-2F35-4F2E-AC69-CB75B903A713}.Android|x86.Build.0 = Release|x86
		{43BEA13F-2F35-4F2E-AC69-CB75B903A713}.Debug Android|Any CPU.ActiveCfg = Debug|x86
		{43BEA13F-2F35-4F2E-AC69-CB75B903A713}.Debug Android|Mixed Platforms.ActiveCfg = Debug|x86
		{43BEA13F-2F35-4F2E-AC69-CB75B903A713}.Debug Android|Mixed Platforms.Build.0 = Debug|x86
		{43BEA13F-2F35-4F2E-AC69-CB75B903A713}.Debug Android|x86.ActiveCfg = Debug|x86
		{43BEA13F-2F35-4F2E-AC69-CB75B903A713}.Debug Android|x86.Build.0 = Debug|x86
		{43BEA13F-2F35-4F2E-AC69-CB75B903A713}.Debug|Any CPU.ActiveCfg = Debug|x86
		{43BEA13F-2F35-4F2E-AC69-CB75B903A713}.Debug|Any CPU.Build.0 = Debug|x86
		{43BEA13F-2F35-4F2E-AC69-CB75B903A713}.Debug|Mixed Platforms.ActiveCfg = Debug|x86
		{43BEA13F-2F35-4F2E-AC69-CB75B903A713}.Debug|Mixed Platforms.Build.0 = Debug|x86
		{43BEA13F-2F35-4F2E-AC69-CB75B903A713}.Debug|x86.ActiveCfg = Debug|x86
		{43BEA13F-2F35-4F2E-AC69-CB75B903A713}.Debug|x86.Build.0 = Debug|x86
		{43BEA13F-2F35-4F2E-AC69-CB75B903A713}.Release|Any CPU.ActiveCfg = Release|x86
		{43BEA13F-2F35-4F2E-AC69-CB75B903A713}.Release|Mixed Platforms.ActiveCfg = Release|x86
		{43BEA13F-2F35-4F2E-AC69-CB75B903A713}.Release|Mixed Platforms.Build.0 = Release|x86
		{43BEA13F-2F35-4F2E-AC69-CB75B903A713}.Release|x86.ActiveCfg = Release|x86
		{43BEA13F-2F35-4F2E-AC69-CB75B903A713}.Release|x86.Build.0 = Release|x86
		{43BEA13F-2F35-4F2E-AC69-CB75B903A713}.Windows|Any CPU.ActiveCfg = Release|x86
		{43BEA13F-2F35-4F2E-AC69-CB75B903A713}.Windows|Mixed Platforms.ActiveCfg = Release|x86
		{43BEA13F-2F35-4F2E-AC69-CB75B903A713}.Windows|Mixed Platforms.Build.0 = Release|x86
		{43BEA13F-2F35-4F2E-AC69-CB75B903A713}.Windows|x86.ActiveCfg = Release|x86
		{43BEA13F-2F35-4F2E-AC69-CB75B903A713}.Windows|x86.Build.0 = Release|x86
	EndGlobalSection
	GlobalSection(SolutionProperties) = preSolution
		HideSolutionNode = FALSE
	EndGlobalSection
	GlobalSection(NestedProjects) = preSolution
		{5333C02B-E337-4D4D-99CB-9F66731FAC7A} = {5A6B96BB-B333-4761-AA3C-AF39DB386633}
		{CC55C016-4688-4C4C-BE8B-03B72A17EC02} = {5A6B96BB-B333-4761-AA3C-AF39DB386633}
		{962BE9C3-9433-4B89-877A-5606ACC6CDE5} = {5A6B96BB-B333-4761-AA3C-AF39DB386633}
		{D9BBF543-2565-4D0B-9D91-B085A3B980AA} = {5A6B96BB-B333-4761-AA3C-AF39DB386633}
		{23A3F039-AAB1-4931-8F0D-1EF0F01888C2} = {48F69566-88EE-4A0F-A163-9B1FB7FAB4CB}
		{C526C5F0-6561-4CDF-91FF-0D92FD79421F} = {48F69566-88EE-4A0F-A163-9B1FB7FAB4CB}
		{BEC9132E-D106-4B17-A88D-C3039CD96C5D} = {C4A323B2-2AD1-419A-9BF8-A578DC25095B}
		{BA9476CF-99BA-4D03-92F2-73D2C5E58883} = {C4A323B2-2AD1-419A-9BF8-A578DC25095B}
		{565129E0-4EE5-4F6F-B403-C3484C9740BE} = {C4A323B2-2AD1-419A-9BF8-A578DC25095B}
		{3C11F1C2-77C6-4F7B-A574-BF672973D77B} = {C4A323B2-2AD1-419A-9BF8-A578DC25095B}
		{3BFC697C-2777-4914-BA25-237118DAF7BF} = {962BE9C3-9433-4B89-877A-5606ACC6CDE5}
		{C262027A-C4DF-406B-9379-69D839390897} = {962BE9C3-9433-4B89-877A-5606ACC6CDE5}
		{98AF19D9-991E-40BC-A060-98A916A3F2CD} = {962BE9C3-9433-4B89-877A-5606ACC6CDE5}
		{43BEA13F-2F35-4F2E-AC69-CB75B903A713} = {962BE9C3-9433-4B89-877A-5606ACC6CDE5}
		{2AE2C396-0FBF-4059-9BE8-840FC37FDA31} = {D9BBF543-2565-4D0B-9D91-B085A3B980AA}
		{6AA760E7-67F7-45E4-B334-171E8C19068A} = {D9BBF543-2565-4D0B-9D91-B085A3B980AA}
		{AB28898F-9936-4553-A83B-EF3072D1DA63} = {D9BBF543-2565-4D0B-9D91-B085A3B980AA}
		{6B8797AC-B45C-4E2A-96A8-E9505908EEF5} = {D9BBF543-2565-4D0B-9D91-B085A3B980AA}
		{DD08D5F1-DE83-41C1-B599-76DC604643EB} = {8DAB1D5C-9A2F-4E8B-9187-7EC01C02BCC4}
	EndGlobalSection
EndGlobal
